{
  "version": 4,
  "terraform_version": "0.14.8",
  "serial": 66,
  "lineage": "d347f4c3-48e5-5676-6edb-f29391b3bacf",
  "outputs": {
    "_mke_cluster": {
      "value": {
        "hosts": [
          {
            "address": "34.217.43.144",
            "privateIp": "172.31.0.21",
            "role": "manager",
            "ssh": {
              "keyPath": "./ssh_keys/alex-ostrich-59RGAE.pem",
              "user": "ec2-user"
            }
          },
          {
            "address": "18.236.66.147",
            "privateIp": "172.31.1.175",
            "role": "worker",
            "ssh": {
              "keyPath": "./ssh_keys/alex-ostrich-59RGAE.pem",
              "user": "ec2-user"
            }
          },
          {
            "address": "35.163.249.246",
            "privateIp": "172.31.1.177",
            "role": "worker",
            "ssh": {
              "keyPath": "./ssh_keys/alex-ostrich-59RGAE.pem",
              "user": "ec2-user"
            }
          },
          {
            "address": "52.43.6.154",
            "privateIp": "172.31.1.193",
            "role": "worker",
            "ssh": {
              "keyPath": "./ssh_keys/alex-ostrich-59RGAE.pem",
              "user": "ec2-user"
            }
          }
        ]
      },
      "type": [
        "object",
        {
          "hosts": [
            "tuple",
            [
              [
                "object",
                {
                  "address": "string",
                  "privateIp": "string",
                  "role": "string",
                  "ssh": [
                    "object",
                    {
                      "keyPath": "string",
                      "user": "string"
                    }
                  ]
                }
              ],
              [
                "object",
                {
                  "address": "string",
                  "privateIp": "string",
                  "role": "string",
                  "ssh": [
                    "object",
                    {
                      "keyPath": "string",
                      "user": "string"
                    }
                  ]
                }
              ],
              [
                "object",
                {
                  "address": "string",
                  "privateIp": "string",
                  "role": "string",
                  "ssh": [
                    "object",
                    {
                      "keyPath": "string",
                      "user": "string"
                    }
                  ]
                }
              ],
              [
                "object",
                {
                  "address": "string",
                  "privateIp": "string",
                  "role": "string",
                  "ssh": [
                    "object",
                    {
                      "keyPath": "string",
                      "user": "string"
                    }
                  ]
                }
              ]
            ]
          ]
        }
      ]
    },
    "cluster_name": {
      "value": "alex-ostrich-59RGAE",
      "type": "string"
    },
    "mke_cluster": {
      "value": {
        "apiVersion": "launchpad.mirantis.com/mke/v1.2",
        "kind": "mke",
        "spec": {
          "hosts": [
            {
              "address": "34.217.43.144",
              "hooks": {
                "apply": {
                  "after": [
                    ""
                  ],
                  "before": [
                    ""
                  ]
                }
              },
              "role": "manager",
              "ssh": {
                "keyPath": "./ssh_keys/alex-ostrich-59RGAE.pem",
                "user": "ec2-user"
              }
            },
            {
              "address": "18.236.66.147",
              "hooks": {
                "apply": {
                  "after": [
                    ""
                  ],
                  "before": [
                    ""
                  ]
                }
              },
              "role": "worker",
              "ssh": {
                "keyPath": "./ssh_keys/alex-ostrich-59RGAE.pem",
                "user": "ec2-user"
              }
            },
            {
              "address": "35.163.249.246",
              "hooks": {
                "apply": {
                  "after": [
                    ""
                  ],
                  "before": [
                    ""
                  ]
                }
              },
              "role": "worker",
              "ssh": {
                "keyPath": "./ssh_keys/alex-ostrich-59RGAE.pem",
                "user": "ec2-user"
              }
            },
            {
              "address": "52.43.6.154",
              "hooks": {
                "apply": {
                  "after": [
                    ""
                  ],
                  "before": [
                    ""
                  ]
                }
              },
              "role": "worker",
              "ssh": {
                "keyPath": "./ssh_keys/alex-ostrich-59RGAE.pem",
                "user": "ec2-user"
              }
            }
          ],
          "mcr": {
            "channel": "stable",
            "installURLLinux": "https://get.mirantis.com/",
            "installURLWindows": "https://get.mirantis.com/install.ps1",
            "repoURL": "https://s3.amazonaws.com/repos-internal.mirantis.com",
            "version": "19.03.12"
          },
          "mke": {
            "imageRepo": "docker.io/mirantis",
            "installFlags": [
              "--admin-username=admin",
              "--admin-password=abcd1234changeme",
              "--default-node-orchestrator=kubernetes",
              "--san=alex-ostrich-59RGAE-manager-lb-dd77166de82c32f7.elb.us-west-2.amazonaws.com"
            ],
            "upgradeFlags": [
              "--force-recent-backup",
              "--force-minimums"
            ],
            "version": "3.3.3"
          },
          "msr": {
            "imageRepo": "docker.io/mirantis",
            "installFlags": [
              "--ucp-insecure-tls"
            ],
            "replicaIDs": "sequential",
            "version": "2.8.3"
          }
        }
      },
      "type": [
        "object",
        {
          "apiVersion": "string",
          "kind": "string",
          "spec": [
            "object",
            {
              "hosts": [
                "tuple",
                [
                  [
                    "object",
                    {
                      "address": "string",
                      "hooks": [
                        "object",
                        {
                          "apply": [
                            "object",
                            {
                              "after": [
                                "list",
                                "string"
                              ],
                              "before": [
                                "list",
                                "string"
                              ]
                            }
                          ]
                        }
                      ],
                      "role": "string",
                      "ssh": [
                        "object",
                        {
                          "keyPath": "string",
                          "user": "string"
                        }
                      ]
                    }
                  ],
                  [
                    "object",
                    {
                      "address": "string",
                      "hooks": [
                        "object",
                        {
                          "apply": [
                            "object",
                            {
                              "after": [
                                "list",
                                "string"
                              ],
                              "before": [
                                "list",
                                "string"
                              ]
                            }
                          ]
                        }
                      ],
                      "role": "string",
                      "ssh": [
                        "object",
                        {
                          "keyPath": "string",
                          "user": "string"
                        }
                      ]
                    }
                  ],
                  [
                    "object",
                    {
                      "address": "string",
                      "hooks": [
                        "object",
                        {
                          "apply": [
                            "object",
                            {
                              "after": [
                                "list",
                                "string"
                              ],
                              "before": [
                                "list",
                                "string"
                              ]
                            }
                          ]
                        }
                      ],
                      "role": "string",
                      "ssh": [
                        "object",
                        {
                          "keyPath": "string",
                          "user": "string"
                        }
                      ]
                    }
                  ],
                  [
                    "object",
                    {
                      "address": "string",
                      "hooks": [
                        "object",
                        {
                          "apply": [
                            "object",
                            {
                              "after": [
                                "list",
                                "string"
                              ],
                              "before": [
                                "list",
                                "string"
                              ]
                            }
                          ]
                        }
                      ],
                      "role": "string",
                      "ssh": [
                        "object",
                        {
                          "keyPath": "string",
                          "user": "string"
                        }
                      ]
                    }
                  ]
                ]
              ],
              "mcr": [
                "object",
                {
                  "channel": "string",
                  "installURLLinux": "string",
                  "installURLWindows": "string",
                  "repoURL": "string",
                  "version": "string"
                }
              ],
              "mke": [
                "object",
                {
                  "imageRepo": "string",
                  "installFlags": [
                    "tuple",
                    [
                      "string",
                      "string",
                      "string",
                      "string"
                    ]
                  ],
                  "upgradeFlags": [
                    "tuple",
                    [
                      "string",
                      "string"
                    ]
                  ],
                  "version": "string"
                }
              ],
              "msr": [
                "object",
                {
                  "imageRepo": "string",
                  "installFlags": [
                    "list",
                    "string"
                  ],
                  "replicaIDs": "string",
                  "version": "string"
                }
              ]
            }
          ]
        }
      ]
    }
  },
  "resources": [
    {
      "mode": "managed",
      "type": "random_string",
      "name": "random",
      "provider": "provider[\"registry.terraform.io/hashicorp/random\"]",
      "instances": [
        {
          "schema_version": 1,
          "attributes": {
            "id": "59RGAE",
            "keepers": null,
            "length": 6,
            "lower": false,
            "min_lower": 0,
            "min_numeric": 2,
            "min_special": 0,
            "min_upper": 2,
            "number": true,
            "override_special": null,
            "result": "59RGAE",
            "special": false,
            "upper": true
          },
          "sensitive_attributes": [],
          "private": "eyJzY2hlbWFfdmVyc2lvbiI6IjEifQ==",
          "create_before_destroy": true
        }
      ]
    },
    {
      "module": "module.common",
      "mode": "data",
      "type": "aws_ami",
      "name": "linux",
      "provider": "provider[\"registry.terraform.io/hashicorp/aws\"]",
      "instances": [
        {
          "schema_version": 0,
          "attributes": {
            "architecture": "x86_64",
            "arn": "arn:aws:ec2:us-west-2::image/ami-07567e5457f5effa2",
            "block_device_mappings": [
              {
                "device_name": "/dev/sda1",
                "ebs": {
                  "delete_on_termination": "true",
                  "encrypted": "false",
                  "iops": "0",
                  "snapshot_id": "snap-039f51c5d6284cf10",
                  "throughput": "0",
                  "volume_size": "10",
                  "volume_type": "gp2"
                },
                "no_device": "",
                "virtual_name": ""
              }
            ],
            "creation_date": "2020-08-03T18:52:42.000Z",
            "description": "Provided by Red Hat, Inc.",
            "executable_users": null,
            "filter": [
              {
                "name": "name",
                "values": [
                  "RHEL-7.8_HVM*x86_64*Hourly2-GP2"
                ]
              },
              {
                "name": "virtualization-type",
                "values": [
                  "hvm"
                ]
              }
            ],
            "hypervisor": "xen",
            "id": "ami-07567e5457f5effa2",
            "image_id": "ami-07567e5457f5effa2",
            "image_location": "309956199498/RHEL-7.8_HVM-20200803-x86_64-0-Hourly2-GP2",
            "image_owner_alias": null,
            "image_type": "machine",
            "kernel_id": null,
            "most_recent": true,
            "name": "RHEL-7.8_HVM-20200803-x86_64-0-Hourly2-GP2",
            "name_regex": null,
            "owner_id": "309956199498",
            "owners": [
              "309956199498"
            ],
            "platform": null,
            "product_codes": [],
            "public": true,
            "ramdisk_id": null,
            "root_device_name": "/dev/sda1",
            "root_device_type": "ebs",
            "root_snapshot_id": "snap-039f51c5d6284cf10",
            "sriov_net_support": "simple",
            "state": "available",
            "state_reason": {
              "code": "UNSET",
              "message": "UNSET"
            },
            "tags": {},
            "virtualization_type": "hvm"
          },
          "sensitive_attributes": []
        }
      ]
    },
    {
      "module": "module.common",
      "mode": "data",
      "type": "aws_ami",
      "name": "windows_2019",
      "provider": "provider[\"registry.terraform.io/hashicorp/aws\"]",
      "instances": [
        {
          "schema_version": 0,
          "attributes": {
            "architecture": "x86_64",
            "arn": "arn:aws:ec2:us-west-2::image/ami-0d73a06823427ced3",
            "block_device_mappings": [
              {
                "device_name": "/dev/sda1",
                "ebs": {
                  "delete_on_termination": "true",
                  "encrypted": "false",
                  "iops": "0",
                  "snapshot_id": "snap-0a04aa6c8be9dcbf9",
                  "throughput": "0",
                  "volume_size": "30",
                  "volume_type": "gp2"
                },
                "no_device": "",
                "virtual_name": ""
              },
              {
                "device_name": "xvdca",
                "ebs": {},
                "no_device": "",
                "virtual_name": "ephemeral0"
              },
              {
                "device_name": "xvdcb",
                "ebs": {},
                "no_device": "",
                "virtual_name": "ephemeral1"
              },
              {
                "device_name": "xvdcc",
                "ebs": {},
                "no_device": "",
                "virtual_name": "ephemeral2"
              },
              {
                "device_name": "xvdcd",
                "ebs": {},
                "no_device": "",
                "virtual_name": "ephemeral3"
              },
              {
                "device_name": "xvdce",
                "ebs": {},
                "no_device": "",
                "virtual_name": "ephemeral4"
              },
              {
                "device_name": "xvdcf",
                "ebs": {},
                "no_device": "",
                "virtual_name": "ephemeral5"
              },
              {
                "device_name": "xvdcg",
                "ebs": {},
                "no_device": "",
                "virtual_name": "ephemeral6"
              },
              {
                "device_name": "xvdch",
                "ebs": {},
                "no_device": "",
                "virtual_name": "ephemeral7"
              },
              {
                "device_name": "xvdci",
                "ebs": {},
                "no_device": "",
                "virtual_name": "ephemeral8"
              },
              {
                "device_name": "xvdcj",
                "ebs": {},
                "no_device": "",
                "virtual_name": "ephemeral9"
              },
              {
                "device_name": "xvdck",
                "ebs": {},
                "no_device": "",
                "virtual_name": "ephemeral10"
              },
              {
                "device_name": "xvdcl",
                "ebs": {},
                "no_device": "",
                "virtual_name": "ephemeral11"
              },
              {
                "device_name": "xvdcm",
                "ebs": {},
                "no_device": "",
                "virtual_name": "ephemeral12"
              },
              {
                "device_name": "xvdcn",
                "ebs": {},
                "no_device": "",
                "virtual_name": "ephemeral13"
              },
              {
                "device_name": "xvdco",
                "ebs": {},
                "no_device": "",
                "virtual_name": "ephemeral14"
              },
              {
                "device_name": "xvdcp",
                "ebs": {},
                "no_device": "",
                "virtual_name": "ephemeral15"
              },
              {
                "device_name": "xvdcq",
                "ebs": {},
                "no_device": "",
                "virtual_name": "ephemeral16"
              },
              {
                "device_name": "xvdcr",
                "ebs": {},
                "no_device": "",
                "virtual_name": "ephemeral17"
              },
              {
                "device_name": "xvdcs",
                "ebs": {},
                "no_device": "",
                "virtual_name": "ephemeral18"
              },
              {
                "device_name": "xvdct",
                "ebs": {},
                "no_device": "",
                "virtual_name": "ephemeral19"
              },
              {
                "device_name": "xvdcu",
                "ebs": {},
                "no_device": "",
                "virtual_name": "ephemeral20"
              },
              {
                "device_name": "xvdcv",
                "ebs": {},
                "no_device": "",
                "virtual_name": "ephemeral21"
              },
              {
                "device_name": "xvdcw",
                "ebs": {},
                "no_device": "",
                "virtual_name": "ephemeral22"
              },
              {
                "device_name": "xvdcx",
                "ebs": {},
                "no_device": "",
                "virtual_name": "ephemeral23"
              },
              {
                "device_name": "xvdcy",
                "ebs": {},
                "no_device": "",
                "virtual_name": "ephemeral24"
              },
              {
                "device_name": "xvdcz",
                "ebs": {},
                "no_device": "",
                "virtual_name": "ephemeral25"
              }
            ],
            "creation_date": "2021-03-11T10:57:59.000Z",
            "description": "Microsoft Windows Server 2019 Core Locale English AMI provided by Amazon",
            "executable_users": null,
            "filter": [
              {
                "name": "name",
                "values": [
                  "Windows_Server-2019-English-Core-Base-*"
                ]
              },
              {
                "name": "virtualization-type",
                "values": [
                  "hvm"
                ]
              }
            ],
            "hypervisor": "xen",
            "id": "ami-0d73a06823427ced3",
            "image_id": "ami-0d73a06823427ced3",
            "image_location": "amazon/Windows_Server-2019-English-Core-Base-2021.03.10",
            "image_owner_alias": "amazon",
            "image_type": "machine",
            "kernel_id": null,
            "most_recent": true,
            "name": "Windows_Server-2019-English-Core-Base-2021.03.10",
            "name_regex": null,
            "owner_id": "801119661308",
            "owners": [
              "801119661308"
            ],
            "platform": "windows",
            "product_codes": [],
            "public": true,
            "ramdisk_id": null,
            "root_device_name": "/dev/sda1",
            "root_device_type": "ebs",
            "root_snapshot_id": "snap-0a04aa6c8be9dcbf9",
            "sriov_net_support": "simple",
            "state": "available",
            "state_reason": {
              "code": "UNSET",
              "message": "UNSET"
            },
            "tags": {},
            "virtualization_type": "hvm"
          },
          "sensitive_attributes": []
        }
      ]
    },
    {
      "module": "module.common",
      "mode": "data",
      "type": "aws_availability_zones",
      "name": "available",
      "provider": "provider[\"registry.terraform.io/hashicorp/aws\"]",
      "instances": [
        {
          "schema_version": 0,
          "attributes": {
            "all_availability_zones": null,
            "exclude_names": null,
            "exclude_zone_ids": null,
            "filter": null,
            "group_names": [
              "us-west-2"
            ],
            "id": "us-west-2",
            "names": [
              "us-west-2a",
              "us-west-2b",
              "us-west-2c",
              "us-west-2d"
            ],
            "state": null,
            "zone_ids": [
              "usw2-az2",
              "usw2-az1",
              "usw2-az3",
              "usw2-az4"
            ]
          },
          "sensitive_attributes": []
        }
      ]
    },
    {
      "module": "module.common",
      "mode": "data",
      "type": "http",
      "name": "myip",
      "provider": "provider[\"registry.terraform.io/hashicorp/http\"]",
      "instances": [
        {
          "schema_version": 0,
          "attributes": {
            "body": "69.159.31.171",
            "id": "http://ifconfig.me",
            "request_headers": null,
            "response_headers": {
              "Access-Control-Allow-Origin": "*",
              "Content-Length": "13",
              "Content-Type": "text/plain; charset=utf-8",
              "Date": "Fri, 19 Mar 2021 20:09:58 GMT",
              "Via": "1.1 google"
            },
            "url": "http://ifconfig.me"
          },
          "sensitive_attributes": []
        }
      ]
    },
    {
      "module": "module.common",
      "mode": "managed",
      "type": "aws_iam_instance_profile",
      "name": "profile",
      "provider": "provider[\"registry.terraform.io/hashicorp/aws\"]",
      "instances": [
        {
          "schema_version": 0,
          "attributes": {
            "arn": "arn:aws:iam::546848686991:instance-profile/alex-ostrich-59RGAE_host",
            "create_date": "2021-03-19T20:10:40Z",
            "id": "alex-ostrich-59RGAE_host",
            "name": "alex-ostrich-59RGAE_host",
            "name_prefix": null,
            "path": "/",
            "role": "alex-ostrich-59RGAE_host",
            "unique_id": "AIPAX6UVYYOHR677ZEFWE"
          },
          "sensitive_attributes": [],
          "private": "bnVsbA==",
          "dependencies": [
            "module.common.aws_iam_role.role",
            "random_string.random"
          ]
        }
      ]
    },
    {
      "module": "module.common",
      "mode": "managed",
      "type": "aws_iam_role",
      "name": "role",
      "provider": "provider[\"registry.terraform.io/hashicorp/aws\"]",
      "instances": [
        {
          "schema_version": 0,
          "attributes": {
            "arn": "arn:aws:iam::546848686991:role/alex-ostrich-59RGAE_host",
            "assume_role_policy": "{\"Version\":\"2012-10-17\",\"Statement\":[{\"Sid\":\"\",\"Effect\":\"Allow\",\"Principal\":{\"Service\":\"ec2.amazonaws.com\"},\"Action\":\"sts:AssumeRole\"}]}",
            "create_date": "2021-03-19T20:10:40Z",
            "description": "",
            "force_detach_policies": false,
            "id": "alex-ostrich-59RGAE_host",
            "max_session_duration": 3600,
            "name": "alex-ostrich-59RGAE_host",
            "name_prefix": null,
            "path": "/",
            "permissions_boundary": null,
            "tags": null,
            "unique_id": "AROAX6UVYYOHS4QHZHC2J"
          },
          "sensitive_attributes": [],
          "private": "bnVsbA==",
          "dependencies": [
            "random_string.random"
          ]
        }
      ]
    },
    {
      "module": "module.common",
      "mode": "managed",
      "type": "aws_iam_role_policy",
      "name": "policy",
      "provider": "provider[\"registry.terraform.io/hashicorp/aws\"]",
      "instances": [
        {
          "schema_version": 0,
          "attributes": {
            "id": "alex-ostrich-59RGAE_host:alex-ostrich-59RGAE_host",
            "name": "alex-ostrich-59RGAE_host",
            "name_prefix": null,
            "policy": "{\n  \"Version\": \"2012-10-17\",\n  \"Statement\": [\n    {\n      \"Effect\": \"Allow\",\n      \"Action\": [\"ec2:*\"],\n      \"Resource\": [\"*\"]\n    },\n    {\n      \"Effect\": \"Allow\",\n      \"Action\": [\"elasticloadbalancing:*\"],\n      \"Resource\": [\"*\"]\n    },\n    {\n      \"Effect\": \"Allow\",\n      \"Action\": [\"ecr:*\"],\n      \"Resource\": [\"*\"]\n    },\n    {\n      \"Effect\": \"Allow\",\n      \"Action\": [\n          \"autoscaling:DescribeLaunchConfigurations\",\n          \"autoscaling:DescribeAutoScalingGroups\",\n          \"autoscaling:DescribeAutoScalingInstances\",\n          \"autoscaling:DescribeTags\",\n          \"autoscaling:SetDesiredCapacity\",\n          \"autoscaling:TerminateInstanceInAutoScalingGroup\"\n      ],\n      \"Resource\": \"*\"\n    }\n  ]\n}\n",
            "role": "alex-ostrich-59RGAE_host"
          },
          "sensitive_attributes": [],
          "private": "bnVsbA==",
          "dependencies": [
            "module.common.aws_iam_role.role",
            "random_string.random"
          ]
        }
      ]
    },
    {
      "module": "module.common",
      "mode": "managed",
      "type": "aws_key_pair",
      "name": "key",
      "provider": "provider[\"registry.terraform.io/hashicorp/aws\"]",
      "instances": [
        {
          "schema_version": 1,
          "attributes": {
            "arn": "arn:aws:ec2:us-west-2:546848686991:key-pair/alex-ostrich-59RGAE",
            "fingerprint": "98:42:de:ec:e3:80:f3:79:92:2d:14:76:ab:ab:d5:96",
            "id": "alex-ostrich-59RGAE",
            "key_name": "alex-ostrich-59RGAE",
            "key_name_prefix": null,
            "key_pair_id": "key-0b84fc8ddc49ac7cb",
            "public_key": "ssh-rsa AAAAB3NzaC1yc2EAAAADAQABAAACAQDGzZ85H6uhFZEboJ9XpjHDKTVODqmXzaxVeboMKxxi8eEmVSDcGqX+Y/dWM8c1e5xOn2C8QtN+ZxJPBpX6eDBvE1f+Vsg+J64HoRu+5VYSppGnnYnxFRAkFSrm1fdYEiFhwlQn5Uo1a1fG5wihqK5cGOoOmSTDWj+42vlPKfTd2WpSHY2wq+tztbvXT8T8QEkopmrRVtw5YRLfxFETDpXgXH1v09sO3ujsh8QS5sfDDZZNKv9TVT0O3OsNHipdnWrSdLElG8JPkFb3kCl4rMs++LbajfIsO7UgcVyfwi3nTNy0Z4Ba7ovMwbbpmK9qRcmrH5l8YpaK0MGJybmrAzdNrbq1V9VuL8XQFWDOKVDvpJBWiz6cFU8AmRuq6/6unBf8WEZzhdLx8vEyYXtV0UyQ/X7QQG7Wk3Y7e0r3KHtamD58S2GAUmjIy9YyOXgLEV6RxhL1bVrsVi5+8Zoo3/4Mloe26fq0o4YAWWWwKlG2iUQvxvehNZLRWu2/GQLU0swkSzSqyQZ9VnkMCmJpHMHjCx2yPJ8MlDV+XuYPiKuJz4oS9UNM34uffRAUWJ8lthvZlA4qcAsSNCAww0pA9eyoi8xlQdqDa6QC9HR9T/o8BENfUEVJb3w8pfcpoySMlJ7DU1vHPO9ECRQjSvZRJljtRTc9uQy2l3tVAOdSw4hXYQ==",
            "tags": null
          },
          "sensitive_attributes": [],
          "private": "eyJzY2hlbWFfdmVyc2lvbiI6IjEifQ==",
          "dependencies": [
            "module.common.tls_private_key.ssh_key",
            "random_string.random"
          ]
        }
      ]
    },
    {
      "module": "module.common",
      "mode": "managed",
      "type": "aws_security_group",
      "name": "common",
      "provider": "provider[\"registry.terraform.io/hashicorp/aws\"]",
      "instances": [
        {
          "schema_version": 1,
          "attributes": {
            "arn": "arn:aws:ec2:us-west-2:546848686991:security-group/sg-0c4805fdde496ce1a",
            "description": "mke cluster common rules",
            "egress": [
              {
                "cidr_blocks": [
                  "0.0.0.0/0"
                ],
                "description": "",
                "from_port": 0,
                "ipv6_cidr_blocks": [],
                "prefix_list_ids": [],
                "protocol": "-1",
                "security_groups": [],
                "self": false,
                "to_port": 0
              }
            ],
            "id": "sg-0c4805fdde496ce1a",
            "ingress": [
              {
                "cidr_blocks": [
                  "0.0.0.0/0"
                ],
                "description": "",
                "from_port": 22,
                "ipv6_cidr_blocks": [],
                "prefix_list_ids": [],
                "protocol": "tcp",
                "security_groups": [],
                "self": false,
                "to_port": 22
              },
              {
                "cidr_blocks": [],
                "description": "",
                "from_port": 0,
                "ipv6_cidr_blocks": [],
                "prefix_list_ids": [],
                "protocol": "-1",
                "security_groups": [],
                "self": true,
                "to_port": 0
              }
            ],
            "name": "alex-ostrich-59RGAE-common",
            "name_prefix": "",
            "owner_id": "546848686991",
            "revoke_rules_on_delete": false,
            "tags": null,
            "timeouts": null,
            "vpc_id": "vpc-08bdd74f1e58694f1"
          },
          "sensitive_attributes": [],
          "private": "eyJlMmJmYjczMC1lY2FhLTExZTYtOGY4OC0zNDM2M2JjN2M0YzAiOnsiY3JlYXRlIjo2MDAwMDAwMDAwMDAsImRlbGV0ZSI6NjAwMDAwMDAwMDAwfSwic2NoZW1hX3ZlcnNpb24iOiIxIn0=",
          "dependencies": [
            "module.vpc.aws_vpc.network",
            "random_string.random"
          ],
          "create_before_destroy": true
        }
      ]
    },
    {
      "module": "module.common",
      "mode": "managed",
      "type": "aws_security_group_rule",
      "name": "open_myip",
      "provider": "provider[\"registry.terraform.io/hashicorp/aws\"]",
      "instances": [
        {
          "index_key": 0,
          "schema_version": 2,
          "attributes": {
            "cidr_blocks": [
              "69.159.31.171/32"
            ],
            "description": null,
            "from_port": 0,
            "id": "sgrule-573211070",
            "ipv6_cidr_blocks": null,
            "prefix_list_ids": null,
            "protocol": "-1",
            "security_group_id": "sg-0c4805fdde496ce1a",
            "self": false,
            "source_security_group_id": null,
            "to_port": 0,
            "type": "ingress"
          },
          "sensitive_attributes": [],
          "private": "eyJzY2hlbWFfdmVyc2lvbiI6IjIifQ==",
          "dependencies": [
            "module.common.aws_security_group.common",
            "module.common.data.http.myip",
            "module.vpc.aws_vpc.network",
            "random_string.random"
          ],
          "create_before_destroy": true
        }
      ]
    },
    {
      "module": "module.common",
      "mode": "managed",
      "type": "local_file",
      "name": "ssh_public_key",
      "provider": "provider[\"registry.terraform.io/hashicorp/local\"]",
      "instances": [
        {
          "schema_version": 0,
          "attributes": {
            "content": "-----BEGIN RSA PRIVATE KEY-----\nMIIJKQIBAAKCAgEAxs2fOR+roRWRG6CfV6Yxwyk1Tg6pl82sVXm6DCscYvHhJlUg\n3Bql/mP3VjPHNXucTp9gvELTfmcSTwaV+ngwbxNX/lbIPieuB6EbvuVWEqaRp52J\n8RUQJBUq5tX3WBIhYcJUJ+VKNWtXxucIoaiuXBjqDpkkw1o/uNr5Tyn03dlqUh2N\nsKvrc7W710/E/EBJKKZq0VbcOWES38RREw6V4Fx9b9PbDt7o7IfEEubHww2WTSr/\nU1U9DtzrDR4qXZ1q0nSxJRvCT5BW95ApeKzLPvi22o3yLDu1IHFcn8It50zctGeA\nWu6LzMG26ZivakXJqx+ZfGKWitDBicm5qwM3Ta26tVfVbi/F0BVgzilQ76SQVos+\nnBVPAJkbquv+rpwX/FhGc4XS8fLxMmF7VdFMkP1+0EBu1pN2O3tK9yh7Wpg+fEth\ngFJoyMvWMjl4CxFekcYS9W1a7FYufvGaKN/+DJaHtun6tKOGAFllsCpRtolEL8b3\noTWS0VrtvxkC1NLMJEs0qskGfVZ5DApiaRzB4wsdsjyfDJQ1fl7mD4iric+KEvVD\nTN+Ln30QFFifJbYb2ZQOKnALEjQgMMNKQPXsqIvMZUHag2ukAvR0fU/6PARDX1BF\nSW98PKX3KaMkjJSew1NbxzzvRAkUI0r2USZY7UU3PbkMtpd7VQDnUsOIV2ECAwEA\nAQKCAgADKGb8EE24nFAWwUFmsgQeVnw7Ri5Zc/Hl1a4n3VNxGuh5pGaGOIIkfVAD\ndYUXi2QbN5rgwqr7WgXHbZJaTShvyz3dk2FQ4253Po7jRF9OooizwePcCXqdKBzr\nV8C7DGatV9ngXFsGaDMXvLm9X6GNYvPs0W/tDnTuqcPGByOVlouCzGdgxApUZzGZ\npPG7FAZVd/dAZgHPg4Q6O7MR+2xUCQQRD6tuHApVH3700eegaInXpfQyTatPniC5\nr536qLJ2r1XVAhDfFKrc+dQ+z3fXAzpcVF7hZv1ki4huHTZ/cxAaaX53c0yTLwyJ\nv1wh8wPWDQVyHVrIz7ITTzn8xmtNcGBiUn/8blzK657Vha0r4/KgO7zFnOxSyG07\nlVWsj2rolpgv0+89HEV1TsoDpLbu9swBg7THpu7bzR/OdtZOuTPGA46kGNsrUJwk\nTx1k5JDitca8RfsEvX5MPo14PqzqrUyT7oAHrBJao6KgyQgrmlzB0xpMycs2L2EI\nWJCMZRPxH+K248M2Fj4JwXbbpTFhlS0WITA7omyQ5OQfHiEWoXf9JPBkgki/VzBu\nY++ypi3ApXsdbp3+d+RgjxpTvpeigQ+/q6K8gQ0tWm+gsdqXWK4ypFq/7OxGmCPU\n44OtSPTULa0bHRR8HAQrctfh8zmaOlA6ANlTI7d5ZY56Pv80wQKCAQEA9gckbzSZ\npFZFLGgpmxk9pMTq4YzmeesKGsm0X3CkAAsuEFzEeLjydtuOXLfu0c5J00JdeUU5\n2vy0NRrIIRsuIeRMgaa5VsN7EksIPmEPVwtUXVMIl8k/YO3vGwlWCwFvJBoGc/rQ\n93umzuA7R9MaDsW4CwQMetYLkWqUmGiCQuz/2bsMIRpArs7egHuTXXU0X2YoboJh\nLq/7TodDPiIhOhZrIyHjbIDJddU+H74MKirz+K1DNZJmFaWlDB3YdX5h5TiXNsSh\nVDc67+VwGIZrwjUd3nIuev8cobR8PLk0NZYd4ZsebALc6oGn9qpo4mYLYvSXXyNt\nU5LVbat6KkiUWQKCAQEAztx2YM5XiG3/X5BWuFhDTptsELt1vlOPBhAOBH/N2G4w\nCEaJZV6ZDsHi6aIY3OxINwf9ysdnLmO1BN7i4c5z5h9b+MjhLISN9qorZKlNYdlx\nYYIwCh+jfL5KR8IOjeB+aId0MSbypeLUArWNj2KqnFeRGR+ggqsSXj0lrtx798/Y\nf0k6sjn73ftUwwyt5WkEmtR7OnjuncmNhqcYdsBOoB6pzk9Jzjbykfu9S00o0umP\n+GTb+2lniT6tScSrKkQzTEN0rkZLZXWI6YM3JmntdJSxcndPK4ZXvNb1XmkuaNes\n8Y9IH/YxYt5bHGRNzYbQMs88lpJ67i2Sv8aXj00aSQKCAQEAozEDotwCGba7tYP2\nLRHmCLgxkKDUdARKtJAcm73smrbPvDy8edM7yUlDOg8rU3GBGKeJtxoLEU3T/vGf\n1A3iYMq9ULaVc47AwNaSRkY9VaCHOkwMhBoSdyn8EzPzJeOypAC7TQ0OtUoI0Gp+\nB9toCmpt9Kif2o7GJ5PJsvqHhPsNjo/6sK5oP0uq3RCbJD/NGIZ7xSmoar6CdIlW\nOg2LeqtKL4iYAO3AM+/ZgFagXQwWvlm3Hf7Yxf0U6F+Xp//H0bLi4oo09NaZumy3\nGR14tt5izJ1yZVV42W4Nhn3WusCzW2V4HW8cuFR+ZCiO37WOUfopugqWxvu7pD49\nD3ULKQKCAQEAlFqmB01Ul4KTyFyC5RhfxQtQGDvo+IOCqk1vUCi8XwC/L+Auf2W1\njVDdxMK85AwMynLPv9L8G9fkJccXnevrUNmioyyl2MCD86gdEMceuRMx7kVo4InK\nPRdXvFjfCT88SQkD+pA9K10ewYalLHUNeKyQYh09hxjbRnzB/sMfoR0N3lONZe6R\nxKSQKIZ6XHHRnJzQd6HtN3oqJqzFrbzDZrA3Bb/1ZZAgrTOGkW+X3JMm7nSfE5KH\nb3Vk3+fM/bYFuCcUkjvVrMD7XMT/E2yaoKZXEImiXMuvNr5PINN8NjKfVGp2xn1Q\n8+AWJamF5uVNgXMAt9f7k79ZZHIvldUtCQKCAQAvEumr+NSrZ3mQZnfluEUOV74n\nay8vAh2zpdNOmi+j6kkuj2/JSWRZF9/ZRCYoBpY+cBy/YN2o29ze9gwCQCq180I5\ncPLW6pq253rQa5HYC2CCJaIiO4yPILy8yJPyakxoIuU9N0ioJrBOBd2G1MKJ2/Xd\nVl1+bQZ7w05LuOvhFj7jx6LRRtSv7DKFnX0M71FX3mz0WptZNww66ybDnWiQhX0r\nHyHFEpUkMxjcyBs52pth80tURoye24KeH9Jmfa/lmXxxDLoNdBv24R5jGgyS5Pxo\nFid2RSSNj3QAPsLcNPe3+Fgiwn4/682fr5VweIQLTfeBUtdF17TsLuhraXuX\n-----END RSA PRIVATE KEY-----\n",
            "content_base64": null,
            "directory_permission": "0777",
            "file_permission": "0777",
            "filename": "./ssh_keys/alex-ostrich-59RGAE.pem",
            "id": "0331e66ea95431f94663564655d1f5dd8e0a8f06",
            "sensitive_content": null,
            "source": null
          },
          "sensitive_attributes": [],
          "private": "bnVsbA==",
          "dependencies": [
            "module.common.tls_private_key.ssh_key",
            "random_string.random"
          ]
        }
      ]
    },
    {
      "module": "module.common",
      "mode": "managed",
      "type": "tls_private_key",
      "name": "ssh_key",
      "provider": "provider[\"registry.terraform.io/hashicorp/tls\"]",
      "instances": [
        {
          "schema_version": 0,
          "attributes": {
            "algorithm": "RSA",
            "ecdsa_curve": "P224",
            "id": "7649e85b8a364864e79295c274bf37fde38f61ed",
            "private_key_pem": "-----BEGIN RSA PRIVATE KEY-----\nMIIJKQIBAAKCAgEAxs2fOR+roRWRG6CfV6Yxwyk1Tg6pl82sVXm6DCscYvHhJlUg\n3Bql/mP3VjPHNXucTp9gvELTfmcSTwaV+ngwbxNX/lbIPieuB6EbvuVWEqaRp52J\n8RUQJBUq5tX3WBIhYcJUJ+VKNWtXxucIoaiuXBjqDpkkw1o/uNr5Tyn03dlqUh2N\nsKvrc7W710/E/EBJKKZq0VbcOWES38RREw6V4Fx9b9PbDt7o7IfEEubHww2WTSr/\nU1U9DtzrDR4qXZ1q0nSxJRvCT5BW95ApeKzLPvi22o3yLDu1IHFcn8It50zctGeA\nWu6LzMG26ZivakXJqx+ZfGKWitDBicm5qwM3Ta26tVfVbi/F0BVgzilQ76SQVos+\nnBVPAJkbquv+rpwX/FhGc4XS8fLxMmF7VdFMkP1+0EBu1pN2O3tK9yh7Wpg+fEth\ngFJoyMvWMjl4CxFekcYS9W1a7FYufvGaKN/+DJaHtun6tKOGAFllsCpRtolEL8b3\noTWS0VrtvxkC1NLMJEs0qskGfVZ5DApiaRzB4wsdsjyfDJQ1fl7mD4iric+KEvVD\nTN+Ln30QFFifJbYb2ZQOKnALEjQgMMNKQPXsqIvMZUHag2ukAvR0fU/6PARDX1BF\nSW98PKX3KaMkjJSew1NbxzzvRAkUI0r2USZY7UU3PbkMtpd7VQDnUsOIV2ECAwEA\nAQKCAgADKGb8EE24nFAWwUFmsgQeVnw7Ri5Zc/Hl1a4n3VNxGuh5pGaGOIIkfVAD\ndYUXi2QbN5rgwqr7WgXHbZJaTShvyz3dk2FQ4253Po7jRF9OooizwePcCXqdKBzr\nV8C7DGatV9ngXFsGaDMXvLm9X6GNYvPs0W/tDnTuqcPGByOVlouCzGdgxApUZzGZ\npPG7FAZVd/dAZgHPg4Q6O7MR+2xUCQQRD6tuHApVH3700eegaInXpfQyTatPniC5\nr536qLJ2r1XVAhDfFKrc+dQ+z3fXAzpcVF7hZv1ki4huHTZ/cxAaaX53c0yTLwyJ\nv1wh8wPWDQVyHVrIz7ITTzn8xmtNcGBiUn/8blzK657Vha0r4/KgO7zFnOxSyG07\nlVWsj2rolpgv0+89HEV1TsoDpLbu9swBg7THpu7bzR/OdtZOuTPGA46kGNsrUJwk\nTx1k5JDitca8RfsEvX5MPo14PqzqrUyT7oAHrBJao6KgyQgrmlzB0xpMycs2L2EI\nWJCMZRPxH+K248M2Fj4JwXbbpTFhlS0WITA7omyQ5OQfHiEWoXf9JPBkgki/VzBu\nY++ypi3ApXsdbp3+d+RgjxpTvpeigQ+/q6K8gQ0tWm+gsdqXWK4ypFq/7OxGmCPU\n44OtSPTULa0bHRR8HAQrctfh8zmaOlA6ANlTI7d5ZY56Pv80wQKCAQEA9gckbzSZ\npFZFLGgpmxk9pMTq4YzmeesKGsm0X3CkAAsuEFzEeLjydtuOXLfu0c5J00JdeUU5\n2vy0NRrIIRsuIeRMgaa5VsN7EksIPmEPVwtUXVMIl8k/YO3vGwlWCwFvJBoGc/rQ\n93umzuA7R9MaDsW4CwQMetYLkWqUmGiCQuz/2bsMIRpArs7egHuTXXU0X2YoboJh\nLq/7TodDPiIhOhZrIyHjbIDJddU+H74MKirz+K1DNZJmFaWlDB3YdX5h5TiXNsSh\nVDc67+VwGIZrwjUd3nIuev8cobR8PLk0NZYd4ZsebALc6oGn9qpo4mYLYvSXXyNt\nU5LVbat6KkiUWQKCAQEAztx2YM5XiG3/X5BWuFhDTptsELt1vlOPBhAOBH/N2G4w\nCEaJZV6ZDsHi6aIY3OxINwf9ysdnLmO1BN7i4c5z5h9b+MjhLISN9qorZKlNYdlx\nYYIwCh+jfL5KR8IOjeB+aId0MSbypeLUArWNj2KqnFeRGR+ggqsSXj0lrtx798/Y\nf0k6sjn73ftUwwyt5WkEmtR7OnjuncmNhqcYdsBOoB6pzk9Jzjbykfu9S00o0umP\n+GTb+2lniT6tScSrKkQzTEN0rkZLZXWI6YM3JmntdJSxcndPK4ZXvNb1XmkuaNes\n8Y9IH/YxYt5bHGRNzYbQMs88lpJ67i2Sv8aXj00aSQKCAQEAozEDotwCGba7tYP2\nLRHmCLgxkKDUdARKtJAcm73smrbPvDy8edM7yUlDOg8rU3GBGKeJtxoLEU3T/vGf\n1A3iYMq9ULaVc47AwNaSRkY9VaCHOkwMhBoSdyn8EzPzJeOypAC7TQ0OtUoI0Gp+\nB9toCmpt9Kif2o7GJ5PJsvqHhPsNjo/6sK5oP0uq3RCbJD/NGIZ7xSmoar6CdIlW\nOg2LeqtKL4iYAO3AM+/ZgFagXQwWvlm3Hf7Yxf0U6F+Xp//H0bLi4oo09NaZumy3\nGR14tt5izJ1yZVV42W4Nhn3WusCzW2V4HW8cuFR+ZCiO37WOUfopugqWxvu7pD49\nD3ULKQKCAQEAlFqmB01Ul4KTyFyC5RhfxQtQGDvo+IOCqk1vUCi8XwC/L+Auf2W1\njVDdxMK85AwMynLPv9L8G9fkJccXnevrUNmioyyl2MCD86gdEMceuRMx7kVo4InK\nPRdXvFjfCT88SQkD+pA9K10ewYalLHUNeKyQYh09hxjbRnzB/sMfoR0N3lONZe6R\nxKSQKIZ6XHHRnJzQd6HtN3oqJqzFrbzDZrA3Bb/1ZZAgrTOGkW+X3JMm7nSfE5KH\nb3Vk3+fM/bYFuCcUkjvVrMD7XMT/E2yaoKZXEImiXMuvNr5PINN8NjKfVGp2xn1Q\n8+AWJamF5uVNgXMAt9f7k79ZZHIvldUtCQKCAQAvEumr+NSrZ3mQZnfluEUOV74n\nay8vAh2zpdNOmi+j6kkuj2/JSWRZF9/ZRCYoBpY+cBy/YN2o29ze9gwCQCq180I5\ncPLW6pq253rQa5HYC2CCJaIiO4yPILy8yJPyakxoIuU9N0ioJrBOBd2G1MKJ2/Xd\nVl1+bQZ7w05LuOvhFj7jx6LRRtSv7DKFnX0M71FX3mz0WptZNww66ybDnWiQhX0r\nHyHFEpUkMxjcyBs52pth80tURoye24KeH9Jmfa/lmXxxDLoNdBv24R5jGgyS5Pxo\nFid2RSSNj3QAPsLcNPe3+Fgiwn4/682fr5VweIQLTfeBUtdF17TsLuhraXuX\n-----END RSA PRIVATE KEY-----\n",
            "public_key_fingerprint_md5": "36:48:75:5a:36:87:02:e7:9e:be:bb:31:c6:01:31:8d",
            "public_key_openssh": "ssh-rsa AAAAB3NzaC1yc2EAAAADAQABAAACAQDGzZ85H6uhFZEboJ9XpjHDKTVODqmXzaxVeboMKxxi8eEmVSDcGqX+Y/dWM8c1e5xOn2C8QtN+ZxJPBpX6eDBvE1f+Vsg+J64HoRu+5VYSppGnnYnxFRAkFSrm1fdYEiFhwlQn5Uo1a1fG5wihqK5cGOoOmSTDWj+42vlPKfTd2WpSHY2wq+tztbvXT8T8QEkopmrRVtw5YRLfxFETDpXgXH1v09sO3ujsh8QS5sfDDZZNKv9TVT0O3OsNHipdnWrSdLElG8JPkFb3kCl4rMs++LbajfIsO7UgcVyfwi3nTNy0Z4Ba7ovMwbbpmK9qRcmrH5l8YpaK0MGJybmrAzdNrbq1V9VuL8XQFWDOKVDvpJBWiz6cFU8AmRuq6/6unBf8WEZzhdLx8vEyYXtV0UyQ/X7QQG7Wk3Y7e0r3KHtamD58S2GAUmjIy9YyOXgLEV6RxhL1bVrsVi5+8Zoo3/4Mloe26fq0o4YAWWWwKlG2iUQvxvehNZLRWu2/GQLU0swkSzSqyQZ9VnkMCmJpHMHjCx2yPJ8MlDV+XuYPiKuJz4oS9UNM34uffRAUWJ8lthvZlA4qcAsSNCAww0pA9eyoi8xlQdqDa6QC9HR9T/o8BENfUEVJb3w8pfcpoySMlJ7DU1vHPO9ECRQjSvZRJljtRTc9uQy2l3tVAOdSw4hXYQ==\n",
            "public_key_pem": "-----BEGIN PUBLIC KEY-----\nMIICIjANBgkqhkiG9w0BAQEFAAOCAg8AMIICCgKCAgEAxs2fOR+roRWRG6CfV6Yx\nwyk1Tg6pl82sVXm6DCscYvHhJlUg3Bql/mP3VjPHNXucTp9gvELTfmcSTwaV+ngw\nbxNX/lbIPieuB6EbvuVWEqaRp52J8RUQJBUq5tX3WBIhYcJUJ+VKNWtXxucIoaiu\nXBjqDpkkw1o/uNr5Tyn03dlqUh2NsKvrc7W710/E/EBJKKZq0VbcOWES38RREw6V\n4Fx9b9PbDt7o7IfEEubHww2WTSr/U1U9DtzrDR4qXZ1q0nSxJRvCT5BW95ApeKzL\nPvi22o3yLDu1IHFcn8It50zctGeAWu6LzMG26ZivakXJqx+ZfGKWitDBicm5qwM3\nTa26tVfVbi/F0BVgzilQ76SQVos+nBVPAJkbquv+rpwX/FhGc4XS8fLxMmF7VdFM\nkP1+0EBu1pN2O3tK9yh7Wpg+fEthgFJoyMvWMjl4CxFekcYS9W1a7FYufvGaKN/+\nDJaHtun6tKOGAFllsCpRtolEL8b3oTWS0VrtvxkC1NLMJEs0qskGfVZ5DApiaRzB\n4wsdsjyfDJQ1fl7mD4iric+KEvVDTN+Ln30QFFifJbYb2ZQOKnALEjQgMMNKQPXs\nqIvMZUHag2ukAvR0fU/6PARDX1BFSW98PKX3KaMkjJSew1NbxzzvRAkUI0r2USZY\n7UU3PbkMtpd7VQDnUsOIV2ECAwEAAQ==\n-----END PUBLIC KEY-----\n",
            "rsa_bits": 4096
          },
          "sensitive_attributes": [],
          "private": "bnVsbA=="
        }
      ]
    },
    {
      "module": "module.elb",
      "mode": "managed",
      "type": "aws_lb",
      "name": "mke_manager",
      "provider": "provider[\"registry.terraform.io/hashicorp/aws\"]",
      "instances": [
        {
          "schema_version": 0,
          "attributes": {
            "access_logs": [
              {
                "bucket": "",
                "enabled": false,
                "prefix": ""
              }
            ],
            "arn": "arn:aws:elasticloadbalancing:us-west-2:546848686991:loadbalancer/net/alex-ostrich-59RGAE-manager-lb/dd77166de82c32f7",
            "arn_suffix": "net/alex-ostrich-59RGAE-manager-lb/dd77166de82c32f7",
            "customer_owned_ipv4_pool": "",
            "dns_name": "alex-ostrich-59RGAE-manager-lb-dd77166de82c32f7.elb.us-west-2.amazonaws.com",
            "drop_invalid_header_fields": null,
            "enable_cross_zone_load_balancing": false,
            "enable_deletion_protection": false,
            "enable_http2": null,
            "id": "arn:aws:elasticloadbalancing:us-west-2:546848686991:loadbalancer/net/alex-ostrich-59RGAE-manager-lb/dd77166de82c32f7",
            "idle_timeout": null,
            "internal": false,
            "ip_address_type": "ipv4",
            "load_balancer_type": "network",
            "name": "alex-ostrich-59RGAE-manager-lb",
            "name_prefix": null,
            "security_groups": [],
            "subnet_mapping": [
              {
                "allocation_id": "",
                "outpost_id": "",
                "private_ipv4_address": "",
                "subnet_id": "subnet-02376d5aad7190ea8"
              },
              {
                "allocation_id": "",
                "outpost_id": "",
                "private_ipv4_address": "",
                "subnet_id": "subnet-068c8ea5573c5f90b"
              },
              {
                "allocation_id": "",
                "outpost_id": "",
                "private_ipv4_address": "",
                "subnet_id": "subnet-06b40bd069c2c0d0d"
              }
            ],
            "subnets": [
              "subnet-02376d5aad7190ea8",
              "subnet-068c8ea5573c5f90b",
              "subnet-06b40bd069c2c0d0d"
            ],
            "tags": {
              "Name": "alex-ostrich-59RGAE-elb",
              "Role": "MKE ELB",
              "expire": "2021-03-22T20:10:37Z",
              "kubernetes.io/cluster/alex-ostrich-59RGAE": "shared",
              "platform": "rhel_7.8",
              "project": "ST-SZNG"
            },
            "timeouts": null,
            "vpc_id": "vpc-08bdd74f1e58694f1",
            "zone_id": "Z18D5FSROUN65G"
          },
          "sensitive_attributes": [],
          "private": "eyJlMmJmYjczMC1lY2FhLTExZTYtOGY4OC0zNDM2M2JjN2M0YzAiOnsiY3JlYXRlIjo2MDAwMDAwMDAwMDAsImRlbGV0ZSI6NjAwMDAwMDAwMDAwLCJ1cGRhdGUiOjYwMDAwMDAwMDAwMH19",
          "dependencies": [
            "module.common.aws_iam_instance_profile.profile",
            "module.common.aws_iam_role.role",
            "module.common.aws_security_group.common",
            "module.common.data.aws_ami.linux",
            "module.vpc.aws_subnet.public",
            "module.vpc.aws_vpc.network",
            "module.vpc.data.aws_availability_zones.all",
            "random_string.random"
          ]
        }
      ]
    },
    {
      "module": "module.elb",
      "mode": "managed",
      "type": "aws_lb_listener",
      "name": "mke_kube_api",
      "provider": "provider[\"registry.terraform.io/hashicorp/aws\"]",
      "instances": [
        {
          "schema_version": 0,
          "attributes": {
            "arn": "arn:aws:elasticloadbalancing:us-west-2:546848686991:listener/net/alex-ostrich-59RGAE-manager-lb/dd77166de82c32f7/1614f493eaf20ced",
            "certificate_arn": null,
            "default_action": [
              {
                "authenticate_cognito": [],
                "authenticate_oidc": [],
                "fixed_response": [],
                "forward": [],
                "order": 1,
                "redirect": [],
                "target_group_arn": "arn:aws:elasticloadbalancing:us-west-2:546848686991:targetgroup/alex-ostrich-59RGAE-kube-api/720c95fd96501305",
                "type": "forward"
              }
            ],
            "id": "arn:aws:elasticloadbalancing:us-west-2:546848686991:listener/net/alex-ostrich-59RGAE-manager-lb/dd77166de82c32f7/1614f493eaf20ced",
            "load_balancer_arn": "arn:aws:elasticloadbalancing:us-west-2:546848686991:loadbalancer/net/alex-ostrich-59RGAE-manager-lb/dd77166de82c32f7",
            "port": 6443,
            "protocol": "TCP",
            "ssl_policy": "",
            "timeouts": null
          },
          "sensitive_attributes": [],
          "private": "eyJlMmJmYjczMC1lY2FhLTExZTYtOGY4OC0zNDM2M2JjN2M0YzAiOnsicmVhZCI6NjAwMDAwMDAwMDAwfX0=",
          "dependencies": [
            "module.common.aws_iam_instance_profile.profile",
            "module.common.aws_iam_role.role",
            "module.common.aws_security_group.common",
            "module.common.data.aws_ami.linux",
            "module.elb.aws_lb.mke_manager",
            "module.elb.aws_lb_target_group.mke_kube_api",
            "module.vpc.aws_subnet.public",
            "module.vpc.aws_vpc.network",
            "module.vpc.data.aws_availability_zones.all",
            "random_string.random"
          ]
        }
      ]
    },
    {
      "module": "module.elb",
      "mode": "managed",
      "type": "aws_lb_listener",
      "name": "mke_manager_api",
      "provider": "provider[\"registry.terraform.io/hashicorp/aws\"]",
      "instances": [
        {
          "schema_version": 0,
          "attributes": {
            "arn": "arn:aws:elasticloadbalancing:us-west-2:546848686991:listener/net/alex-ostrich-59RGAE-manager-lb/dd77166de82c32f7/b6729c5ff5234f22",
            "certificate_arn": null,
            "default_action": [
              {
                "authenticate_cognito": [],
                "authenticate_oidc": [],
                "fixed_response": [],
                "forward": [],
                "order": 1,
                "redirect": [],
                "target_group_arn": "arn:aws:elasticloadbalancing:us-west-2:546848686991:targetgroup/alex-ostrich-59RGAE-api/d0436d14c8e3fbe6",
                "type": "forward"
              }
            ],
            "id": "arn:aws:elasticloadbalancing:us-west-2:546848686991:listener/net/alex-ostrich-59RGAE-manager-lb/dd77166de82c32f7/b6729c5ff5234f22",
            "load_balancer_arn": "arn:aws:elasticloadbalancing:us-west-2:546848686991:loadbalancer/net/alex-ostrich-59RGAE-manager-lb/dd77166de82c32f7",
            "port": 443,
            "protocol": "TCP",
            "ssl_policy": "",
            "timeouts": null
          },
          "sensitive_attributes": [],
          "private": "eyJlMmJmYjczMC1lY2FhLTExZTYtOGY4OC0zNDM2M2JjN2M0YzAiOnsicmVhZCI6NjAwMDAwMDAwMDAwfX0=",
          "dependencies": [
            "module.common.aws_iam_instance_profile.profile",
            "module.common.aws_iam_role.role",
            "module.common.aws_security_group.common",
            "module.common.data.aws_ami.linux",
            "module.elb.aws_lb.mke_manager",
            "module.elb.aws_lb_target_group.mke_manager_api",
            "module.vpc.aws_subnet.public",
            "module.vpc.aws_vpc.network",
            "module.vpc.data.aws_availability_zones.all",
            "random_string.random"
          ]
        }
      ]
    },
    {
      "module": "module.elb",
      "mode": "managed",
      "type": "aws_lb_target_group",
      "name": "mke_kube_api",
      "provider": "provider[\"registry.terraform.io/hashicorp/aws\"]",
      "instances": [
        {
          "schema_version": 0,
          "attributes": {
            "arn": "arn:aws:elasticloadbalancing:us-west-2:546848686991:targetgroup/alex-ostrich-59RGAE-kube-api/720c95fd96501305",
            "arn_suffix": "targetgroup/alex-ostrich-59RGAE-kube-api/720c95fd96501305",
            "deregistration_delay": 300,
            "health_check": [
              {
                "enabled": true,
                "healthy_threshold": 3,
                "interval": 30,
                "matcher": "",
                "path": "",
                "port": "traffic-port",
                "protocol": "TCP",
                "timeout": 10,
                "unhealthy_threshold": 3
              }
            ],
            "id": "arn:aws:elasticloadbalancing:us-west-2:546848686991:targetgroup/alex-ostrich-59RGAE-kube-api/720c95fd96501305",
            "lambda_multi_value_headers_enabled": false,
            "load_balancing_algorithm_type": null,
            "name": "alex-ostrich-59RGAE-kube-api",
            "name_prefix": null,
            "port": 6443,
            "protocol": "TCP",
            "proxy_protocol_v2": false,
            "slow_start": 0,
            "stickiness": [
              {
                "cookie_duration": 0,
                "enabled": false,
                "type": "source_ip"
              }
            ],
            "tags": null,
            "target_type": "instance",
            "vpc_id": "vpc-08bdd74f1e58694f1"
          },
          "sensitive_attributes": [],
          "private": "bnVsbA==",
          "dependencies": [
            "module.common.aws_iam_instance_profile.profile",
            "module.common.aws_iam_role.role",
            "module.common.aws_security_group.common",
            "module.common.data.aws_ami.linux",
            "module.vpc.aws_subnet.public",
            "module.vpc.aws_vpc.network",
            "module.vpc.data.aws_availability_zones.all",
            "random_string.random"
          ]
        }
      ]
    },
    {
      "module": "module.elb",
      "mode": "managed",
      "type": "aws_lb_target_group",
      "name": "mke_manager_api",
      "provider": "provider[\"registry.terraform.io/hashicorp/aws\"]",
      "instances": [
        {
          "schema_version": 0,
          "attributes": {
            "arn": "arn:aws:elasticloadbalancing:us-west-2:546848686991:targetgroup/alex-ostrich-59RGAE-api/d0436d14c8e3fbe6",
            "arn_suffix": "targetgroup/alex-ostrich-59RGAE-api/d0436d14c8e3fbe6",
            "deregistration_delay": 300,
            "health_check": [
              {
                "enabled": true,
                "healthy_threshold": 3,
                "interval": 30,
                "matcher": "",
                "path": "",
                "port": "traffic-port",
                "protocol": "TCP",
                "timeout": 10,
                "unhealthy_threshold": 3
              }
            ],
            "id": "arn:aws:elasticloadbalancing:us-west-2:546848686991:targetgroup/alex-ostrich-59RGAE-api/d0436d14c8e3fbe6",
            "lambda_multi_value_headers_enabled": false,
            "load_balancing_algorithm_type": null,
            "name": "alex-ostrich-59RGAE-api",
            "name_prefix": null,
            "port": 443,
            "protocol": "TCP",
            "proxy_protocol_v2": false,
            "slow_start": 0,
            "stickiness": [
              {
                "cookie_duration": 0,
                "enabled": false,
                "type": "source_ip"
              }
            ],
            "tags": null,
            "target_type": "instance",
            "vpc_id": "vpc-08bdd74f1e58694f1"
          },
          "sensitive_attributes": [],
          "private": "bnVsbA==",
          "dependencies": [
            "module.common.aws_iam_instance_profile.profile",
            "module.common.aws_iam_role.role",
            "module.common.aws_security_group.common",
            "module.common.data.aws_ami.linux",
            "module.elb.aws_lb.mke_manager",
            "module.vpc.aws_subnet.public",
            "module.vpc.aws_vpc.network",
            "module.vpc.data.aws_availability_zones.all",
            "random_string.random"
          ]
        }
      ]
    },
    {
      "module": "module.elb",
      "mode": "managed",
      "type": "aws_lb_target_group_attachment",
      "name": "mke_kube_api",
      "provider": "provider[\"registry.terraform.io/hashicorp/aws\"]",
      "instances": [
        {
          "index_key": 0,
          "schema_version": 0,
          "attributes": {
            "availability_zone": null,
            "id": "arn:aws:elasticloadbalancing:us-west-2:546848686991:targetgroup/alex-ostrich-59RGAE-kube-api/720c95fd96501305-2021031920150794740000000a",
            "port": 6443,
            "target_group_arn": "arn:aws:elasticloadbalancing:us-west-2:546848686991:targetgroup/alex-ostrich-59RGAE-kube-api/720c95fd96501305",
            "target_id": "i-0c1710398522bbe82"
          },
          "sensitive_attributes": [],
          "private": "bnVsbA==",
          "dependencies": [
            "module.common.aws_iam_instance_profile.profile",
            "module.common.aws_iam_role.role",
            "module.common.aws_security_group.common",
            "module.common.data.aws_ami.linux",
            "module.elb.aws_lb.mke_manager",
            "module.elb.aws_lb_target_group.mke_kube_api",
            "module.managers.aws_security_group.node",
            "module.managers.module.spot.aws_launch_template.linux",
            "module.managers.module.spot.aws_spot_fleet_request.node",
            "module.managers.module.spot.data.aws_ec2_spot_price.current",
            "module.managers.module.spot.data.aws_instances.machines",
            "module.managers.module.spot.data.template_file.linux",
            "module.vpc.aws_subnet.public",
            "module.vpc.aws_vpc.network",
            "module.vpc.data.aws_availability_zones.all",
            "random_string.random"
          ]
        }
      ]
    },
    {
      "module": "module.elb",
      "mode": "managed",
      "type": "aws_lb_target_group_attachment",
      "name": "mke_manager_api",
      "provider": "provider[\"registry.terraform.io/hashicorp/aws\"]",
      "instances": [
        {
          "index_key": 0,
          "schema_version": 0,
          "attributes": {
            "availability_zone": null,
            "id": "arn:aws:elasticloadbalancing:us-west-2:546848686991:targetgroup/alex-ostrich-59RGAE-api/d0436d14c8e3fbe6-20210319201507496500000009",
            "port": 443,
            "target_group_arn": "arn:aws:elasticloadbalancing:us-west-2:546848686991:targetgroup/alex-ostrich-59RGAE-api/d0436d14c8e3fbe6",
            "target_id": "i-0c1710398522bbe82"
          },
          "sensitive_attributes": [],
          "private": "bnVsbA==",
          "dependencies": [
            "module.common.aws_iam_instance_profile.profile",
            "module.common.aws_iam_role.role",
            "module.common.aws_security_group.common",
            "module.common.data.aws_ami.linux",
            "module.elb.aws_lb.mke_manager",
            "module.elb.aws_lb_target_group.mke_manager_api",
            "module.managers.aws_security_group.node",
            "module.managers.module.spot.aws_launch_template.linux",
            "module.managers.module.spot.aws_spot_fleet_request.node",
            "module.managers.module.spot.data.aws_ec2_spot_price.current",
            "module.managers.module.spot.data.aws_instances.machines",
            "module.managers.module.spot.data.template_file.linux",
            "module.vpc.aws_subnet.public",
            "module.vpc.aws_vpc.network",
            "module.vpc.data.aws_availability_zones.all",
            "random_string.random"
          ]
        }
      ]
    },
    {
      "module": "module.managers",
      "mode": "managed",
      "type": "aws_security_group",
      "name": "node",
      "provider": "provider[\"registry.terraform.io/hashicorp/aws\"]",
      "instances": [
        {
          "schema_version": 1,
          "attributes": {
            "arn": "arn:aws:ec2:us-west-2:546848686991:security-group/sg-0e2c82eedc8896bdc",
            "description": "MKE cluster managers",
            "egress": [],
            "id": "sg-0e2c82eedc8896bdc",
            "ingress": [
              {
                "cidr_blocks": [
                  "0.0.0.0/0"
                ],
                "description": "",
                "from_port": 443,
                "ipv6_cidr_blocks": [],
                "prefix_list_ids": [],
                "protocol": "tcp",
                "security_groups": [],
                "self": false,
                "to_port": 443
              },
              {
                "cidr_blocks": [
                  "0.0.0.0/0"
                ],
                "description": "",
                "from_port": 6443,
                "ipv6_cidr_blocks": [],
                "prefix_list_ids": [],
                "protocol": "tcp",
                "security_groups": [],
                "self": false,
                "to_port": 6443
              },
              {
                "cidr_blocks": [],
                "description": "",
                "from_port": 2379,
                "ipv6_cidr_blocks": [],
                "prefix_list_ids": [],
                "protocol": "tcp",
                "security_groups": [],
                "self": true,
                "to_port": 2380
              }
            ],
            "name": "alex-ostrich-59RGAE-managers",
            "name_prefix": "",
            "owner_id": "546848686991",
            "revoke_rules_on_delete": false,
            "tags": null,
            "timeouts": null,
            "vpc_id": "vpc-08bdd74f1e58694f1"
          },
          "sensitive_attributes": [],
          "private": "eyJlMmJmYjczMC1lY2FhLTExZTYtOGY4OC0zNDM2M2JjN2M0YzAiOnsiY3JlYXRlIjo2MDAwMDAwMDAwMDAsImRlbGV0ZSI6NjAwMDAwMDAwMDAwfSwic2NoZW1hX3ZlcnNpb24iOiIxIn0=",
          "dependencies": [
            "module.common.aws_iam_instance_profile.profile",
            "module.common.aws_iam_role.role",
            "module.common.aws_security_group.common",
            "module.common.data.aws_ami.linux",
            "module.elb.aws_lb.mke_manager",
            "module.vpc.aws_subnet.public",
            "module.vpc.aws_vpc.network",
            "module.vpc.data.aws_availability_zones.all",
            "random_string.random"
          ]
        }
      ]
    },
    {
      "module": "module.managers.module.spot",
      "mode": "data",
      "type": "aws_ec2_spot_price",
      "name": "current",
      "provider": "provider[\"registry.terraform.io/hashicorp/aws\"]",
      "instances": [
        {
          "index_key": 0,
          "schema_version": 0,
          "attributes": {
            "availability_zone": "us-west-2a",
            "filter": [
              {
                "name": "product-description",
                "values": [
                  "Red Hat Enterprise Linux"
                ]
              }
            ],
            "id": "us-west-2",
            "instance_type": "m5.xlarge",
            "spot_price": "0.132900",
            "spot_price_timestamp": "2021-03-19T16:32:33Z"
          },
          "sensitive_attributes": []
        },
        {
          "index_key": 1,
          "schema_version": 0,
          "attributes": {
            "availability_zone": "us-west-2b",
            "filter": [
              {
                "name": "product-description",
                "values": [
                  "Red Hat Enterprise Linux"
                ]
              }
            ],
            "id": "us-west-2",
            "instance_type": "m5.xlarge",
            "spot_price": "0.135000",
            "spot_price_timestamp": "2021-03-19T13:35:21Z"
          },
          "sensitive_attributes": []
        },
        {
          "index_key": 2,
          "schema_version": 0,
          "attributes": {
            "availability_zone": "us-west-2c",
            "filter": [
              {
                "name": "product-description",
                "values": [
                  "Red Hat Enterprise Linux"
                ]
              }
            ],
            "id": "us-west-2",
            "instance_type": "m5.xlarge",
            "spot_price": "0.133700",
            "spot_price_timestamp": "2021-03-19T08:57:53Z"
          },
          "sensitive_attributes": []
        },
        {
          "index_key": 3,
          "schema_version": 0,
          "attributes": {
            "availability_zone": "us-west-2d",
            "filter": [
              {
                "name": "product-description",
                "values": [
                  "Red Hat Enterprise Linux"
                ]
              }
            ],
            "id": "us-west-2",
            "instance_type": "m5.xlarge",
            "spot_price": "0.143200",
            "spot_price_timestamp": "2021-03-19T17:22:54Z"
          },
          "sensitive_attributes": []
        }
      ]
    },
    {
      "module": "module.managers.module.spot",
      "mode": "data",
      "type": "aws_instances",
      "name": "machines",
      "provider": "provider[\"registry.terraform.io/hashicorp/aws\"]",
      "instances": [
        {
          "index_key": 0,
          "schema_version": 0,
          "attributes": {
            "filter": [
              {
                "name": "tag:aws:ec2spot:fleet-request-id",
                "values": [
                  "sfr-c784b14b-14e5-4410-9cdc-74fbe72d8daf"
                ]
              }
            ],
            "id": "us-west-2",
            "ids": [
              "i-0c1710398522bbe82"
            ],
            "instance_state_names": [
              "pending",
              "running"
            ],
            "instance_tags": null,
            "private_ips": [
              "172.31.0.21"
            ],
            "public_ips": [
              "34.217.43.144"
            ]
          },
          "sensitive_attributes": []
        }
      ]
    },
    {
      "module": "module.managers.module.spot",
      "mode": "data",
      "type": "template_file",
      "name": "linux",
      "provider": "provider[\"registry.terraform.io/hashicorp/template\"]",
      "instances": [
        {
          "schema_version": 0,
          "attributes": {
            "filename": null,
            "id": "5d2bd2eb5ee75563a2487bdd3d50b70286c1a9c1c5c32a238c8d166f7d3668ec",
            "rendered": "#!/bin/bash\n# Use fully qualified private DNS name for the host name.  Kube wants it this way.\nHOSTNAME=$(curl http://169.254.169.254/latest/meta-data/hostname)\necho $HOSTNAME \u003e /etc/hostname\nsed -i \"s|\\(127\\.0\\..\\.. *\\)localhost|\\1$HOSTNAME|\" /etc/hosts\nhostname $HOSTNAME\n",
            "template": "#!/bin/bash\n# Use fully qualified private DNS name for the host name.  Kube wants it this way.\nHOSTNAME=$(curl http://169.254.169.254/latest/meta-data/hostname)\necho $HOSTNAME \u003e /etc/hostname\nsed -i \"s|\\(127\\.0\\..\\.. *\\)localhost|\\1$HOSTNAME|\" /etc/hosts\nhostname $HOSTNAME\n",
            "vars": null
          },
          "sensitive_attributes": []
        }
      ]
    },
    {
      "module": "module.managers.module.spot",
      "mode": "managed",
      "type": "aws_launch_template",
      "name": "linux",
      "provider": "provider[\"registry.terraform.io/hashicorp/aws\"]",
      "instances": [
        {
          "schema_version": 0,
          "attributes": {
            "arn": "arn:aws:ec2:us-west-2:546848686991:launch-template/lt-0068d2ad7b57a38f6",
            "block_device_mappings": [
              {
                "device_name": "/dev/sda1",
                "ebs": [
                  {
                    "delete_on_termination": "",
                    "encrypted": "",
                    "iops": 0,
                    "kms_key_id": "",
                    "snapshot_id": "",
                    "throughput": 0,
                    "volume_size": 100,
                    "volume_type": "gp2"
                  }
                ],
                "no_device": "",
                "virtual_name": ""
              }
            ],
            "capacity_reservation_specification": [],
            "cpu_options": [],
            "credit_specification": [],
            "default_version": 1,
            "description": "",
            "disable_api_termination": false,
            "ebs_optimized": "true",
            "elastic_gpu_specifications": [],
            "elastic_inference_accelerator": [],
            "enclave_options": [],
            "hibernation_options": [],
            "iam_instance_profile": [],
            "id": "lt-0068d2ad7b57a38f6",
            "image_id": "ami-07567e5457f5effa2",
            "instance_initiated_shutdown_behavior": "",
            "instance_market_options": [],
            "instance_type": "m5.xlarge",
            "kernel_id": "",
            "key_name": "alex-ostrich-59RGAE",
            "latest_version": 1,
            "license_specification": [],
            "metadata_options": [],
            "monitoring": [],
            "name": "alex-ostrich-59RGAE-manager",
            "name_prefix": null,
            "network_interfaces": [],
            "placement": [],
            "ram_disk_id": "",
            "security_group_names": null,
            "tag_specifications": [],
            "tags": {
              "Name": "alex-ostrich-59RGAE-manager",
              "Role": "manager",
              "expire": "2021-03-22T20:10:37Z",
              "kubernetes.io/cluster/alex-ostrich-59RGAE": "shared",
              "platform": "rhel_7.8",
              "project": "ST-SZNG"
            },
            "update_default_version": null,
            "user_data": "IyEvYmluL2Jhc2gKIyBVc2UgZnVsbHkgcXVhbGlmaWVkIHByaXZhdGUgRE5TIG5hbWUgZm9yIHRoZSBob3N0IG5hbWUuICBLdWJlIHdhbnRzIGl0IHRoaXMgd2F5LgpIT1NUTkFNRT0kKGN1cmwgaHR0cDovLzE2OS4yNTQuMTY5LjI1NC9sYXRlc3QvbWV0YS1kYXRhL2hvc3RuYW1lKQplY2hvICRIT1NUTkFNRSA+IC9ldGMvaG9zdG5hbWUKc2VkIC1pICJzfFwoMTI3XC4wXC4uXC4uICpcKWxvY2FsaG9zdHxcMSRIT1NUTkFNRXwiIC9ldGMvaG9zdHMKaG9zdG5hbWUgJEhPU1ROQU1FCg==",
            "vpc_security_group_ids": [
              "sg-0c4805fdde496ce1a",
              "sg-0e2c82eedc8896bdc"
            ]
          },
          "sensitive_attributes": [],
          "private": "bnVsbA==",
          "dependencies": [
            "module.common.aws_iam_instance_profile.profile",
            "module.common.aws_iam_role.role",
            "module.common.aws_security_group.common",
            "module.common.data.aws_ami.linux",
            "module.elb.aws_lb.mke_manager",
            "module.managers.aws_security_group.node",
            "module.managers.module.spot.data.template_file.linux",
            "module.vpc.aws_subnet.public",
            "module.vpc.aws_vpc.network",
            "module.vpc.data.aws_availability_zones.all",
            "random_string.random"
          ]
        }
      ]
    },
    {
      "module": "module.managers.module.spot",
      "mode": "managed",
      "type": "aws_spot_fleet_request",
      "name": "node",
      "provider": "provider[\"registry.terraform.io/hashicorp/aws\"]",
      "instances": [
        {
          "schema_version": 1,
          "attributes": {
            "allocation_strategy": "lowestPrice",
            "client_token": "terraform-20210319201342740500000008",
            "excess_capacity_termination_policy": "Default",
            "fleet_type": "maintain",
            "iam_fleet_role": "arn:aws:iam::546848686991:role/aws-ec2-spot-fleet-role",
            "id": "sfr-c784b14b-14e5-4410-9cdc-74fbe72d8daf",
            "instance_interruption_behaviour": "terminate",
            "instance_pools_to_use_count": 1,
            "launch_specification": [],
            "launch_template_config": [
              {
                "launch_template_specification": [
                  {
                    "id": "lt-0068d2ad7b57a38f6",
                    "name": "",
                    "version": "1"
                  }
                ],
                "overrides": [
                  {
                    "availability_zone": "",
                    "instance_type": "",
                    "priority": 0,
                    "spot_price": "0.135558",
                    "subnet_id": "subnet-06b40bd069c2c0d0d",
                    "weighted_capacity": 0
                  },
                  {
                    "availability_zone": "",
                    "instance_type": "",
                    "priority": 0,
                    "spot_price": "0.136374",
                    "subnet_id": "subnet-02376d5aad7190ea8",
                    "weighted_capacity": 0
                  },
                  {
                    "availability_zone": "",
                    "instance_type": "",
                    "priority": 0,
                    "spot_price": "0.137700",
                    "subnet_id": "subnet-068c8ea5573c5f90b",
                    "weighted_capacity": 0
                  }
                ]
              }
            ],
            "load_balancers": [],
            "replace_unhealthy_instances": false,
            "spot_maintenance_strategies": [],
            "spot_price": null,
            "spot_request_state": "active",
            "tags": {
              "Name": "alex-ostrich-59RGAE-manager",
              "Role": "manager",
              "expire": "2021-03-22T20:10:37Z",
              "kubernetes.io/cluster/alex-ostrich-59RGAE": "shared",
              "platform": "rhel_7.8",
              "project": "ST-SZNG"
            },
            "target_capacity": 1,
            "target_group_arns": [],
            "terminate_instances_with_expiration": true,
            "timeouts": null,
            "valid_from": null,
            "valid_until": null,
            "wait_for_fulfillment": true
          },
          "sensitive_attributes": [],
          "private": "eyJlMmJmYjczMC1lY2FhLTExZTYtOGY4OC0zNDM2M2JjN2M0YzAiOnsiY3JlYXRlIjo2MDAwMDAwMDAwMDAsImRlbGV0ZSI6OTAwMDAwMDAwMDAwfSwic2NoZW1hX3ZlcnNpb24iOiIxIn0=",
          "dependencies": [
            "module.common.aws_iam_instance_profile.profile",
            "module.common.aws_iam_role.role",
            "module.common.aws_security_group.common",
            "module.common.data.aws_ami.linux",
            "module.elb.aws_lb.mke_manager",
            "module.managers.aws_security_group.node",
            "module.managers.module.spot.aws_launch_template.linux",
            "module.managers.module.spot.data.aws_ec2_spot_price.current",
            "module.managers.module.spot.data.template_file.linux",
            "module.vpc.aws_subnet.public",
            "module.vpc.aws_vpc.network",
            "module.vpc.data.aws_availability_zones.all",
            "random_string.random"
          ]
        }
      ]
    },
    {
      "module": "module.msrs",
      "mode": "managed",
      "type": "aws_security_group",
      "name": "node",
      "provider": "provider[\"registry.terraform.io/hashicorp/aws\"]",
      "instances": [
        {
          "schema_version": 1,
          "attributes": {
            "arn": "arn:aws:ec2:us-west-2:546848686991:security-group/sg-06b52b8734d5d03f2",
            "description": "MKE cluster msrs",
            "egress": [],
            "id": "sg-06b52b8734d5d03f2",
            "ingress": [
              {
                "cidr_blocks": [
                  "0.0.0.0/0"
                ],
                "description": "",
                "from_port": 443,
                "ipv6_cidr_blocks": [],
                "prefix_list_ids": [],
                "protocol": "tcp",
                "security_groups": [],
                "self": false,
                "to_port": 443
              }
            ],
            "name": "alex-ostrich-59RGAE-msrs",
            "name_prefix": "",
            "owner_id": "546848686991",
            "revoke_rules_on_delete": false,
            "tags": null,
            "timeouts": null,
            "vpc_id": "vpc-08bdd74f1e58694f1"
          },
          "sensitive_attributes": [],
          "private": "eyJlMmJmYjczMC1lY2FhLTExZTYtOGY4OC0zNDM2M2JjN2M0YzAiOnsiY3JlYXRlIjo2MDAwMDAwMDAwMDAsImRlbGV0ZSI6NjAwMDAwMDAwMDAwfSwic2NoZW1hX3ZlcnNpb24iOiIxIn0=",
          "dependencies": [
            "module.common.aws_iam_instance_profile.profile",
            "module.common.aws_iam_role.role",
            "module.common.aws_security_group.common",
            "module.common.data.aws_ami.linux",
            "module.vpc.aws_subnet.public",
            "module.vpc.aws_vpc.network",
            "module.vpc.data.aws_availability_zones.all",
            "random_string.random"
          ]
        }
      ]
    },
    {
      "module": "module.msrs.module.spot",
      "mode": "data",
      "type": "aws_ec2_spot_price",
      "name": "current",
      "provider": "provider[\"registry.terraform.io/hashicorp/aws\"]",
      "instances": [
        {
          "index_key": 0,
          "schema_version": 0,
          "attributes": {
            "availability_zone": "us-west-2a",
            "filter": [
              {
                "name": "product-description",
                "values": [
                  "Red Hat Enterprise Linux"
                ]
              }
            ],
            "id": "us-west-2",
            "instance_type": "m5.xlarge",
            "spot_price": "0.132900",
            "spot_price_timestamp": "2021-03-19T16:32:33Z"
          },
          "sensitive_attributes": []
        },
        {
          "index_key": 1,
          "schema_version": 0,
          "attributes": {
            "availability_zone": "us-west-2b",
            "filter": [
              {
                "name": "product-description",
                "values": [
                  "Red Hat Enterprise Linux"
                ]
              }
            ],
            "id": "us-west-2",
            "instance_type": "m5.xlarge",
            "spot_price": "0.135000",
            "spot_price_timestamp": "2021-03-19T13:35:21Z"
          },
          "sensitive_attributes": []
        },
        {
          "index_key": 2,
          "schema_version": 0,
          "attributes": {
            "availability_zone": "us-west-2c",
            "filter": [
              {
                "name": "product-description",
                "values": [
                  "Red Hat Enterprise Linux"
                ]
              }
            ],
            "id": "us-west-2",
            "instance_type": "m5.xlarge",
            "spot_price": "0.133700",
            "spot_price_timestamp": "2021-03-19T08:57:53Z"
          },
          "sensitive_attributes": []
        },
        {
          "index_key": 3,
          "schema_version": 0,
          "attributes": {
            "availability_zone": "us-west-2d",
            "filter": [
              {
                "name": "product-description",
                "values": [
                  "Red Hat Enterprise Linux"
                ]
              }
            ],
            "id": "us-west-2",
            "instance_type": "m5.xlarge",
            "spot_price": "0.143200",
            "spot_price_timestamp": "2021-03-19T17:22:54Z"
          },
          "sensitive_attributes": []
        }
      ]
    },
    {
      "module": "module.msrs.module.spot",
      "mode": "data",
      "type": "template_file",
      "name": "linux",
      "provider": "provider[\"registry.terraform.io/hashicorp/template\"]",
      "instances": [
        {
          "schema_version": 0,
          "attributes": {
            "filename": null,
            "id": "5d2bd2eb5ee75563a2487bdd3d50b70286c1a9c1c5c32a238c8d166f7d3668ec",
            "rendered": "#!/bin/bash\n# Use fully qualified private DNS name for the host name.  Kube wants it this way.\nHOSTNAME=$(curl http://169.254.169.254/latest/meta-data/hostname)\necho $HOSTNAME \u003e /etc/hostname\nsed -i \"s|\\(127\\.0\\..\\.. *\\)localhost|\\1$HOSTNAME|\" /etc/hosts\nhostname $HOSTNAME\n",
            "template": "#!/bin/bash\n# Use fully qualified private DNS name for the host name.  Kube wants it this way.\nHOSTNAME=$(curl http://169.254.169.254/latest/meta-data/hostname)\necho $HOSTNAME \u003e /etc/hostname\nsed -i \"s|\\(127\\.0\\..\\.. *\\)localhost|\\1$HOSTNAME|\" /etc/hosts\nhostname $HOSTNAME\n",
            "vars": null
          },
          "sensitive_attributes": []
        }
      ]
    },
    {
      "module": "module.msrs.module.spot",
      "mode": "managed",
      "type": "aws_launch_template",
      "name": "linux",
      "provider": "provider[\"registry.terraform.io/hashicorp/aws\"]",
      "instances": [
        {
          "schema_version": 0,
          "attributes": {
            "arn": "arn:aws:ec2:us-west-2:546848686991:launch-template/lt-075dd701562266444",
            "block_device_mappings": [
              {
                "device_name": "/dev/sda1",
                "ebs": [
                  {
                    "delete_on_termination": "",
                    "encrypted": "",
                    "iops": 0,
                    "kms_key_id": "",
                    "snapshot_id": "",
                    "throughput": 0,
                    "volume_size": 100,
                    "volume_type": "gp2"
                  }
                ],
                "no_device": "",
                "virtual_name": ""
              }
            ],
            "capacity_reservation_specification": [],
            "cpu_options": [],
            "credit_specification": [],
            "default_version": 1,
            "description": "",
            "disable_api_termination": false,
            "ebs_optimized": "true",
            "elastic_gpu_specifications": [],
            "elastic_inference_accelerator": [],
            "enclave_options": [],
            "hibernation_options": [],
            "iam_instance_profile": [],
            "id": "lt-075dd701562266444",
            "image_id": "ami-07567e5457f5effa2",
            "instance_initiated_shutdown_behavior": "",
            "instance_market_options": [],
            "instance_type": "m5.xlarge",
            "kernel_id": "",
            "key_name": "alex-ostrich-59RGAE",
            "latest_version": 1,
            "license_specification": [],
            "metadata_options": [],
            "monitoring": [],
            "name": "alex-ostrich-59RGAE-msr",
            "name_prefix": null,
            "network_interfaces": [],
            "placement": [],
            "ram_disk_id": "",
            "security_group_names": null,
            "tag_specifications": [],
            "tags": {
              "Name": "alex-ostrich-59RGAE-msr",
              "Role": "msr",
              "expire": "2021-03-22T20:10:37Z",
              "kubernetes.io/cluster/alex-ostrich-59RGAE": "shared",
              "platform": "rhel_7.8",
              "project": "ST-SZNG"
            },
            "update_default_version": null,
            "user_data": "IyEvYmluL2Jhc2gKIyBVc2UgZnVsbHkgcXVhbGlmaWVkIHByaXZhdGUgRE5TIG5hbWUgZm9yIHRoZSBob3N0IG5hbWUuICBLdWJlIHdhbnRzIGl0IHRoaXMgd2F5LgpIT1NUTkFNRT0kKGN1cmwgaHR0cDovLzE2OS4yNTQuMTY5LjI1NC9sYXRlc3QvbWV0YS1kYXRhL2hvc3RuYW1lKQplY2hvICRIT1NUTkFNRSA+IC9ldGMvaG9zdG5hbWUKc2VkIC1pICJzfFwoMTI3XC4wXC4uXC4uICpcKWxvY2FsaG9zdHxcMSRIT1NUTkFNRXwiIC9ldGMvaG9zdHMKaG9zdG5hbWUgJEhPU1ROQU1FCg==",
            "vpc_security_group_ids": [
              "sg-06b52b8734d5d03f2",
              "sg-0c4805fdde496ce1a"
            ]
          },
          "sensitive_attributes": [],
          "private": "bnVsbA==",
          "dependencies": [
            "module.common.aws_iam_instance_profile.profile",
            "module.common.aws_iam_role.role",
            "module.common.aws_security_group.common",
            "module.common.data.aws_ami.linux",
            "module.msrs.aws_security_group.node",
            "module.msrs.module.spot.data.template_file.linux",
            "module.vpc.aws_subnet.public",
            "module.vpc.aws_vpc.network",
            "module.vpc.data.aws_availability_zones.all",
            "random_string.random"
          ]
        }
      ]
    },
    {
      "module": "module.msrs.module.spot",
      "mode": "managed",
      "type": "aws_spot_fleet_request",
      "name": "node",
      "provider": "provider[\"registry.terraform.io/hashicorp/aws\"]",
      "instances": [
        {
          "schema_version": 1,
          "attributes": {
            "allocation_strategy": "lowestPrice",
            "client_token": "terraform-20210319201055017200000005",
            "excess_capacity_termination_policy": "Default",
            "fleet_type": "maintain",
            "iam_fleet_role": "arn:aws:iam::546848686991:role/aws-ec2-spot-fleet-role",
            "id": "sfr-d5b736b4-b278-46ee-84e9-ad73ccb7c26b",
            "instance_interruption_behaviour": "terminate",
            "instance_pools_to_use_count": 1,
            "launch_specification": [],
            "launch_template_config": [
              {
                "launch_template_specification": [
                  {
                    "id": "lt-075dd701562266444",
                    "name": "",
                    "version": "1"
                  }
                ],
                "overrides": [
                  {
                    "availability_zone": "",
                    "instance_type": "",
                    "priority": 0,
                    "spot_price": "0.135558",
                    "subnet_id": "subnet-06b40bd069c2c0d0d",
                    "weighted_capacity": 0
                  },
                  {
                    "availability_zone": "",
                    "instance_type": "",
                    "priority": 0,
                    "spot_price": "0.136374",
                    "subnet_id": "subnet-02376d5aad7190ea8",
                    "weighted_capacity": 0
                  },
                  {
                    "availability_zone": "",
                    "instance_type": "",
                    "priority": 0,
                    "spot_price": "0.137700",
                    "subnet_id": "subnet-068c8ea5573c5f90b",
                    "weighted_capacity": 0
                  }
                ]
              }
            ],
            "load_balancers": [],
            "replace_unhealthy_instances": false,
            "spot_maintenance_strategies": [],
            "spot_price": null,
            "spot_request_state": "active",
            "tags": {
              "Name": "alex-ostrich-59RGAE-msr",
              "Role": "msr",
              "expire": "2021-03-22T20:10:37Z",
              "kubernetes.io/cluster/alex-ostrich-59RGAE": "shared",
              "platform": "rhel_7.8",
              "project": "ST-SZNG"
            },
            "target_capacity": 0,
            "target_group_arns": [],
            "terminate_instances_with_expiration": true,
            "timeouts": null,
            "valid_from": null,
            "valid_until": null,
            "wait_for_fulfillment": true
          },
          "sensitive_attributes": [],
          "private": "eyJlMmJmYjczMC1lY2FhLTExZTYtOGY4OC0zNDM2M2JjN2M0YzAiOnsiY3JlYXRlIjo2MDAwMDAwMDAwMDAsImRlbGV0ZSI6OTAwMDAwMDAwMDAwfSwic2NoZW1hX3ZlcnNpb24iOiIxIn0=",
          "dependencies": [
            "module.common.aws_iam_instance_profile.profile",
            "module.common.aws_iam_role.role",
            "module.common.aws_security_group.common",
            "module.common.data.aws_ami.linux",
            "module.msrs.aws_security_group.node",
            "module.msrs.module.spot.aws_launch_template.linux",
            "module.msrs.module.spot.data.aws_ec2_spot_price.current",
            "module.msrs.module.spot.data.template_file.linux",
            "module.vpc.aws_subnet.public",
            "module.vpc.aws_vpc.network",
            "module.vpc.data.aws_availability_zones.all",
            "random_string.random"
          ]
        }
      ]
    },
    {
      "module": "module.vpc",
      "mode": "data",
      "type": "aws_availability_zones",
      "name": "all",
      "provider": "provider[\"registry.terraform.io/hashicorp/aws\"]",
      "instances": [
        {
          "schema_version": 0,
          "attributes": {
            "all_availability_zones": null,
            "exclude_names": null,
            "exclude_zone_ids": null,
            "filter": null,
            "group_names": [
              "us-west-2"
            ],
            "id": "us-west-2",
            "names": [
              "us-west-2a",
              "us-west-2b",
              "us-west-2c",
              "us-west-2d"
            ],
            "state": null,
            "zone_ids": [
              "usw2-az2",
              "usw2-az1",
              "usw2-az3",
              "usw2-az4"
            ]
          },
          "sensitive_attributes": []
        }
      ]
    },
    {
      "module": "module.vpc",
      "mode": "managed",
      "type": "aws_internet_gateway",
      "name": "gateway",
      "provider": "provider[\"registry.terraform.io/hashicorp/aws\"]",
      "instances": [
        {
          "schema_version": 0,
          "attributes": {
            "arn": "arn:aws:ec2:us-west-2:546848686991:internet-gateway/igw-047472f068c233e1e",
            "id": "igw-047472f068c233e1e",
            "owner_id": "546848686991",
            "tags": {
              "Name": "alex-ostrich-59RGAE",
              "project": "ST-SZNG"
            },
            "vpc_id": "vpc-08bdd74f1e58694f1"
          },
          "sensitive_attributes": [],
          "private": "bnVsbA==",
          "dependencies": [
            "module.vpc.aws_vpc.network",
            "random_string.random"
          ]
        }
      ]
    },
    {
      "module": "module.vpc",
      "mode": "managed",
      "type": "aws_route_table",
      "name": "default",
      "provider": "provider[\"registry.terraform.io/hashicorp/aws\"]",
      "instances": [
        {
          "schema_version": 0,
          "attributes": {
            "id": "rtb-06e8ea5dc036a0a7f",
            "owner_id": "546848686991",
            "propagating_vgws": [],
            "route": [
              {
                "cidr_block": "0.0.0.0/0",
                "egress_only_gateway_id": "",
                "gateway_id": "igw-047472f068c233e1e",
                "instance_id": "",
                "ipv6_cidr_block": "",
                "local_gateway_id": "",
                "nat_gateway_id": "",
                "network_interface_id": "",
                "transit_gateway_id": "",
                "vpc_endpoint_id": "",
                "vpc_peering_connection_id": ""
              }
            ],
            "tags": {
              "Name": "alex-ostrich-59RGAE",
              "project": "ST-SZNG"
            },
            "vpc_id": "vpc-08bdd74f1e58694f1"
          },
          "sensitive_attributes": [],
          "private": "bnVsbA==",
          "dependencies": [
            "module.vpc.aws_internet_gateway.gateway",
            "module.vpc.aws_vpc.network",
            "random_string.random"
          ]
        }
      ]
    },
    {
      "module": "module.vpc",
      "mode": "managed",
      "type": "aws_route_table_association",
      "name": "public",
      "provider": "provider[\"registry.terraform.io/hashicorp/aws\"]",
      "instances": [
        {
          "index_key": 0,
          "schema_version": 0,
          "attributes": {
            "gateway_id": null,
            "id": "rtbassoc-0b40517bb61d82a26",
            "route_table_id": "rtb-06e8ea5dc036a0a7f",
            "subnet_id": "subnet-06b40bd069c2c0d0d"
          },
          "sensitive_attributes": [],
          "private": "bnVsbA==",
          "dependencies": [
            "module.vpc.aws_internet_gateway.gateway",
            "module.vpc.aws_route_table.default",
            "module.vpc.aws_subnet.public",
            "module.vpc.aws_vpc.network",
            "module.vpc.data.aws_availability_zones.all",
            "random_string.random"
          ]
        },
        {
          "index_key": 1,
          "schema_version": 0,
          "attributes": {
            "gateway_id": null,
            "id": "rtbassoc-0c0c2881795d1a308",
            "route_table_id": "rtb-06e8ea5dc036a0a7f",
            "subnet_id": "subnet-068c8ea5573c5f90b"
          },
          "sensitive_attributes": [],
          "private": "bnVsbA==",
          "dependencies": [
            "module.vpc.aws_internet_gateway.gateway",
            "module.vpc.aws_route_table.default",
            "module.vpc.aws_subnet.public",
            "module.vpc.aws_vpc.network",
            "module.vpc.data.aws_availability_zones.all",
            "random_string.random"
          ]
        },
        {
          "index_key": 2,
          "schema_version": 0,
          "attributes": {
            "gateway_id": null,
            "id": "rtbassoc-068e868e3d00e9a8a",
            "route_table_id": "rtb-06e8ea5dc036a0a7f",
            "subnet_id": "subnet-02376d5aad7190ea8"
          },
          "sensitive_attributes": [],
          "private": "bnVsbA==",
          "dependencies": [
            "module.vpc.aws_internet_gateway.gateway",
            "module.vpc.aws_route_table.default",
            "module.vpc.aws_subnet.public",
            "module.vpc.aws_vpc.network",
            "module.vpc.data.aws_availability_zones.all",
            "random_string.random"
          ]
        }
      ]
    },
    {
      "module": "module.vpc",
      "mode": "managed",
      "type": "aws_subnet",
      "name": "public",
      "provider": "provider[\"registry.terraform.io/hashicorp/aws\"]",
      "instances": [
        {
          "index_key": 0,
          "schema_version": 1,
          "attributes": {
            "arn": "arn:aws:ec2:us-west-2:546848686991:subnet/subnet-06b40bd069c2c0d0d",
            "assign_ipv6_address_on_creation": false,
            "availability_zone": "us-west-2a",
            "availability_zone_id": "usw2-az2",
            "cidr_block": "172.31.0.0/24",
            "id": "subnet-06b40bd069c2c0d0d",
            "ipv6_cidr_block": "",
            "ipv6_cidr_block_association_id": "",
            "map_public_ip_on_launch": true,
            "outpost_arn": "",
            "owner_id": "546848686991",
            "tags": {
              "Name": "alex-ostrich-59RGAE",
              "expire": "2021-03-22T20:10:37Z",
              "kubernetes.io/cluster/alex-ostrich-59RGAE": "true",
              "project": "ST-SZNG"
            },
            "timeouts": null,
            "vpc_id": "vpc-08bdd74f1e58694f1"
          },
          "sensitive_attributes": [],
          "private": "eyJlMmJmYjczMC1lY2FhLTExZTYtOGY4OC0zNDM2M2JjN2M0YzAiOnsiY3JlYXRlIjo2MDAwMDAwMDAwMDAsImRlbGV0ZSI6MTIwMDAwMDAwMDAwMH0sInNjaGVtYV92ZXJzaW9uIjoiMSJ9",
          "dependencies": [
            "module.vpc.aws_vpc.network",
            "module.vpc.data.aws_availability_zones.all",
            "random_string.random"
          ]
        },
        {
          "index_key": 1,
          "schema_version": 1,
          "attributes": {
            "arn": "arn:aws:ec2:us-west-2:546848686991:subnet/subnet-068c8ea5573c5f90b",
            "assign_ipv6_address_on_creation": false,
            "availability_zone": "us-west-2b",
            "availability_zone_id": "usw2-az1",
            "cidr_block": "172.31.1.0/24",
            "id": "subnet-068c8ea5573c5f90b",
            "ipv6_cidr_block": "",
            "ipv6_cidr_block_association_id": "",
            "map_public_ip_on_launch": true,
            "outpost_arn": "",
            "owner_id": "546848686991",
            "tags": {
              "Name": "alex-ostrich-59RGAE",
              "expire": "2021-03-22T20:10:37Z",
              "kubernetes.io/cluster/alex-ostrich-59RGAE": "true",
              "project": "ST-SZNG"
            },
            "timeouts": null,
            "vpc_id": "vpc-08bdd74f1e58694f1"
          },
          "sensitive_attributes": [],
          "private": "eyJlMmJmYjczMC1lY2FhLTExZTYtOGY4OC0zNDM2M2JjN2M0YzAiOnsiY3JlYXRlIjo2MDAwMDAwMDAwMDAsImRlbGV0ZSI6MTIwMDAwMDAwMDAwMH0sInNjaGVtYV92ZXJzaW9uIjoiMSJ9",
          "dependencies": [
            "module.vpc.aws_vpc.network",
            "module.vpc.data.aws_availability_zones.all",
            "random_string.random"
          ]
        },
        {
          "index_key": 2,
          "schema_version": 1,
          "attributes": {
            "arn": "arn:aws:ec2:us-west-2:546848686991:subnet/subnet-02376d5aad7190ea8",
            "assign_ipv6_address_on_creation": false,
            "availability_zone": "us-west-2c",
            "availability_zone_id": "usw2-az3",
            "cidr_block": "172.31.2.0/24",
            "id": "subnet-02376d5aad7190ea8",
            "ipv6_cidr_block": "",
            "ipv6_cidr_block_association_id": "",
            "map_public_ip_on_launch": true,
            "outpost_arn": "",
            "owner_id": "546848686991",
            "tags": {
              "Name": "alex-ostrich-59RGAE",
              "expire": "2021-03-22T20:10:37Z",
              "kubernetes.io/cluster/alex-ostrich-59RGAE": "true",
              "project": "ST-SZNG"
            },
            "timeouts": null,
            "vpc_id": "vpc-08bdd74f1e58694f1"
          },
          "sensitive_attributes": [],
          "private": "eyJlMmJmYjczMC1lY2FhLTExZTYtOGY4OC0zNDM2M2JjN2M0YzAiOnsiY3JlYXRlIjo2MDAwMDAwMDAwMDAsImRlbGV0ZSI6MTIwMDAwMDAwMDAwMH0sInNjaGVtYV92ZXJzaW9uIjoiMSJ9",
          "dependencies": [
            "module.vpc.aws_vpc.network",
            "module.vpc.data.aws_availability_zones.all",
            "random_string.random"
          ]
        }
      ]
    },
    {
      "module": "module.vpc",
      "mode": "managed",
      "type": "aws_vpc",
      "name": "network",
      "provider": "provider[\"registry.terraform.io/hashicorp/aws\"]",
      "instances": [
        {
          "schema_version": 1,
          "attributes": {
            "arn": "arn:aws:ec2:us-west-2:546848686991:vpc/vpc-08bdd74f1e58694f1",
            "assign_generated_ipv6_cidr_block": true,
            "cidr_block": "172.31.0.0/16",
            "default_network_acl_id": "acl-0a1c06e40ae488171",
            "default_route_table_id": "rtb-026f0332d547421b7",
            "default_security_group_id": "sg-003f7d7797113df41",
            "dhcp_options_id": "dopt-ffd6309a",
            "enable_classiclink": false,
            "enable_classiclink_dns_support": false,
            "enable_dns_hostnames": true,
            "enable_dns_support": true,
            "id": "vpc-08bdd74f1e58694f1",
            "instance_tenancy": "default",
            "ipv6_association_id": "vpc-cidr-assoc-00e3fc2c3fb2a7f04",
            "ipv6_cidr_block": "2600:1f13:c85:8100::/56",
            "main_route_table_id": "rtb-026f0332d547421b7",
            "owner_id": "546848686991",
            "tags": {
              "Name": "alex-ostrich-59RGAE",
              "project": "ST-SZNG"
            }
          },
          "sensitive_attributes": [],
          "private": "eyJzY2hlbWFfdmVyc2lvbiI6IjEifQ==",
          "dependencies": [
            "random_string.random"
          ],
          "create_before_destroy": true
        }
      ]
    },
    {
      "module": "module.windows_workers",
      "mode": "data",
      "type": "aws_ec2_spot_price",
      "name": "current",
      "provider": "provider[\"registry.terraform.io/hashicorp/aws\"]",
      "instances": [
        {
          "index_key": 0,
          "schema_version": 0,
          "attributes": {
            "availability_zone": "us-west-2a",
            "filter": [
              {
                "name": "product-description",
                "values": [
                  "Windows"
                ]
              }
            ],
            "id": "us-west-2",
            "instance_type": "m5.large",
            "spot_price": "0.125800",
            "spot_price_timestamp": "2021-03-19T19:45:23Z"
          },
          "sensitive_attributes": []
        },
        {
          "index_key": 1,
          "schema_version": 0,
          "attributes": {
            "availability_zone": "us-west-2b",
            "filter": [
              {
                "name": "product-description",
                "values": [
                  "Windows"
                ]
              }
            ],
            "id": "us-west-2",
            "instance_type": "m5.large",
            "spot_price": "0.125800",
            "spot_price_timestamp": "2021-03-19T19:45:23Z"
          },
          "sensitive_attributes": []
        },
        {
          "index_key": 2,
          "schema_version": 0,
          "attributes": {
            "availability_zone": "us-west-2c",
            "filter": [
              {
                "name": "product-description",
                "values": [
                  "Windows"
                ]
              }
            ],
            "id": "us-west-2",
            "instance_type": "m5.large",
            "spot_price": "0.125800",
            "spot_price_timestamp": "2021-03-19T19:45:23Z"
          },
          "sensitive_attributes": []
        },
        {
          "index_key": 3,
          "schema_version": 0,
          "attributes": {
            "availability_zone": "us-west-2d",
            "filter": [
              {
                "name": "product-description",
                "values": [
                  "Windows"
                ]
              }
            ],
            "id": "us-west-2",
            "instance_type": "m5.large",
            "spot_price": "0.125800",
            "spot_price_timestamp": "2021-03-19T19:45:23Z"
          },
          "sensitive_attributes": []
        }
      ]
    },
    {
      "module": "module.windows_workers",
      "mode": "data",
      "type": "template_file",
      "name": "windows",
      "provider": "provider[\"registry.terraform.io/hashicorp/template\"]",
      "instances": [
        {
          "schema_version": 0,
          "attributes": {
            "filename": null,
            "id": "517e16b5179b73ac92e20ca4f6a2f2122a1277c08c8e8b484e561eab8db41852",
            "rendered": "\u003cpowershell\u003e\n$admin = [adsi](\"WinNT://./administrator, user\")\n$admin.psbase.invoke(\"SetPassword\", \"tfaws,,CHANGEME..Example\")\n\n# Snippet to enable WinRM over HTTPS with a self-signed certificate\n# from https://gist.github.com/TechIsCool/d65017b8427cfa49d579a6d7b6e03c93\nWrite-Output \"Disabling WinRM over HTTP...\"\nDisable-NetFirewallRule -Name \"WINRM-HTTP-In-TCP\"\nDisable-NetFirewallRule -Name \"WINRM-HTTP-In-TCP-PUBLIC\"\nGet-ChildItem WSMan:\\Localhost\\listener | Remove-Item -Recurse\n\nWrite-Output \"Configuring WinRM for HTTPS...\"\nSet-Item -Path WSMan:\\LocalHost\\MaxTimeoutms -Value '1800000'\nSet-Item -Path WSMan:\\LocalHost\\Shell\\MaxMemoryPerShellMB -Value '1024'\nSet-Item -Path WSMan:\\LocalHost\\Service\\AllowUnencrypted -Value 'false'\nSet-Item -Path WSMan:\\LocalHost\\Service\\Auth\\Basic -Value 'true'\nSet-Item -Path WSMan:\\LocalHost\\Service\\Auth\\CredSSP -Value 'true'\n\nNew-NetFirewallRule -Name \"WINRM-HTTPS-In-TCP\" `\n    -DisplayName \"Windows Remote Management (HTTPS-In)\" `\n    -Description \"Inbound rule for Windows Remote Management via WS-Management. [TCP 5986]\" `\n    -Group \"Windows Remote Management\" `\n    -Program \"System\" `\n    -Protocol TCP `\n    -LocalPort \"5986\" `\n    -Action Allow `\n    -Profile Domain,Private\n\nNew-NetFirewallRule -Name \"WINRM-HTTPS-In-TCP-PUBLIC\" `\n    -DisplayName \"Windows Remote Management (HTTPS-In)\" `\n    -Description \"Inbound rule for Windows Remote Management via WS-Management. [TCP 5986]\" `\n    -Group \"Windows Remote Management\" `\n    -Program \"System\" `\n    -Protocol TCP `\n    -LocalPort \"5986\" `\n    -Action Allow `\n    -Profile Public\n\n$Hostname = [System.Net.Dns]::GetHostByName((hostname)).HostName.ToUpper()\n$pfx = New-SelfSignedCertificate -CertstoreLocation Cert:\\LocalMachine\\My -DnsName $Hostname\n$certThumbprint = $pfx.Thumbprint\n$certSubjectName = $pfx.SubjectName.Name.TrimStart(\"CN = \").Trim()\n\nNew-Item -Path WSMan:\\LocalHost\\Listener -Address * -Transport HTTPS -Hostname $certSubjectName -CertificateThumbPrint $certThumbprint -Port \"5986\" -force\n\nWrite-Output \"Restarting WinRM Service...\"\nStop-Service WinRM\nSet-Service WinRM -StartupType \"Automatic\"\nStart-Service WinRM\n\u003c/powershell\u003e\n",
            "template": "\u003cpowershell\u003e\n$admin = [adsi](\"WinNT://./administrator, user\")\n$admin.psbase.invoke(\"SetPassword\", \"${win_admin_password}\")\n\n# Snippet to enable WinRM over HTTPS with a self-signed certificate\n# from https://gist.github.com/TechIsCool/d65017b8427cfa49d579a6d7b6e03c93\nWrite-Output \"Disabling WinRM over HTTP...\"\nDisable-NetFirewallRule -Name \"WINRM-HTTP-In-TCP\"\nDisable-NetFirewallRule -Name \"WINRM-HTTP-In-TCP-PUBLIC\"\nGet-ChildItem WSMan:\\Localhost\\listener | Remove-Item -Recurse\n\nWrite-Output \"Configuring WinRM for HTTPS...\"\nSet-Item -Path WSMan:\\LocalHost\\MaxTimeoutms -Value '1800000'\nSet-Item -Path WSMan:\\LocalHost\\Shell\\MaxMemoryPerShellMB -Value '1024'\nSet-Item -Path WSMan:\\LocalHost\\Service\\AllowUnencrypted -Value 'false'\nSet-Item -Path WSMan:\\LocalHost\\Service\\Auth\\Basic -Value 'true'\nSet-Item -Path WSMan:\\LocalHost\\Service\\Auth\\CredSSP -Value 'true'\n\nNew-NetFirewallRule -Name \"WINRM-HTTPS-In-TCP\" `\n    -DisplayName \"Windows Remote Management (HTTPS-In)\" `\n    -Description \"Inbound rule for Windows Remote Management via WS-Management. [TCP 5986]\" `\n    -Group \"Windows Remote Management\" `\n    -Program \"System\" `\n    -Protocol TCP `\n    -LocalPort \"5986\" `\n    -Action Allow `\n    -Profile Domain,Private\n\nNew-NetFirewallRule -Name \"WINRM-HTTPS-In-TCP-PUBLIC\" `\n    -DisplayName \"Windows Remote Management (HTTPS-In)\" `\n    -Description \"Inbound rule for Windows Remote Management via WS-Management. [TCP 5986]\" `\n    -Group \"Windows Remote Management\" `\n    -Program \"System\" `\n    -Protocol TCP `\n    -LocalPort \"5986\" `\n    -Action Allow `\n    -Profile Public\n\n$Hostname = [System.Net.Dns]::GetHostByName((hostname)).HostName.ToUpper()\n$pfx = New-SelfSignedCertificate -CertstoreLocation Cert:\\LocalMachine\\My -DnsName $Hostname\n$certThumbprint = $pfx.Thumbprint\n$certSubjectName = $pfx.SubjectName.Name.TrimStart(\"CN = \").Trim()\n\nNew-Item -Path WSMan:\\LocalHost\\Listener -Address * -Transport HTTPS -Hostname $certSubjectName -CertificateThumbPrint $certThumbprint -Port \"5986\" -force\n\nWrite-Output \"Restarting WinRM Service...\"\nStop-Service WinRM\nSet-Service WinRM -StartupType \"Automatic\"\nStart-Service WinRM\n\u003c/powershell\u003e\n",
            "vars": {
              "win_admin_password": "tfaws,,CHANGEME..Example"
            }
          },
          "sensitive_attributes": []
        }
      ]
    },
    {
      "module": "module.windows_workers",
      "mode": "managed",
      "type": "aws_launch_template",
      "name": "windows",
      "provider": "provider[\"registry.terraform.io/hashicorp/aws\"]",
      "instances": [
        {
          "schema_version": 0,
          "attributes": {
            "arn": "arn:aws:ec2:us-west-2:546848686991:launch-template/lt-090570c5ae14d83be",
            "block_device_mappings": [
              {
                "device_name": "/dev/sda1",
                "ebs": [
                  {
                    "delete_on_termination": "",
                    "encrypted": "",
                    "iops": 0,
                    "kms_key_id": "",
                    "snapshot_id": "",
                    "throughput": 0,
                    "volume_size": 100,
                    "volume_type": "gp2"
                  }
                ],
                "no_device": "",
                "virtual_name": ""
              }
            ],
            "capacity_reservation_specification": [],
            "cpu_options": [],
            "credit_specification": [],
            "default_version": 1,
            "description": "",
            "disable_api_termination": false,
            "ebs_optimized": "true",
            "elastic_gpu_specifications": [],
            "elastic_inference_accelerator": [],
            "enclave_options": [],
            "hibernation_options": [],
            "iam_instance_profile": [],
            "id": "lt-090570c5ae14d83be",
            "image_id": "ami-0d73a06823427ced3",
            "instance_initiated_shutdown_behavior": "",
            "instance_market_options": [],
            "instance_type": "m5.large",
            "kernel_id": "",
            "key_name": "alex-ostrich-59RGAE",
            "latest_version": 1,
            "license_specification": [],
            "metadata_options": [],
            "monitoring": [],
            "name": "alex-ostrich-59RGAE-win-worker",
            "name_prefix": null,
            "network_interfaces": [],
            "placement": [],
            "ram_disk_id": "",
            "security_group_names": null,
            "tag_specifications": [],
            "tags": {
              "Name": "alex-ostrich-59RGAE-win-worker",
              "Role": "win-worker",
              "expire": "2021-03-22T20:10:37Z",
              "kubernetes.io/cluster/alex-ostrich-59RGAE": "shared",
              "platform": "rhel_7.8",
              "project": "ST-SZNG"
            },
            "update_default_version": null,
            "user_data": "PHBvd2Vyc2hlbGw+CiRhZG1pbiA9IFthZHNpXSgiV2luTlQ6Ly8uL2FkbWluaXN0cmF0b3IsIHVzZXIiKQokYWRtaW4ucHNiYXNlLmludm9rZSgiU2V0UGFzc3dvcmQiLCAidGZhd3MsLENIQU5HRU1FLi5FeGFtcGxlIikKCiMgU25pcHBldCB0byBlbmFibGUgV2luUk0gb3ZlciBIVFRQUyB3aXRoIGEgc2VsZi1zaWduZWQgY2VydGlmaWNhdGUKIyBmcm9tIGh0dHBzOi8vZ2lzdC5naXRodWIuY29tL1RlY2hJc0Nvb2wvZDY1MDE3Yjg0MjdjZmE0OWQ1NzlhNmQ3YjZlMDNjOTMKV3JpdGUtT3V0cHV0ICJEaXNhYmxpbmcgV2luUk0gb3ZlciBIVFRQLi4uIgpEaXNhYmxlLU5ldEZpcmV3YWxsUnVsZSAtTmFtZSAiV0lOUk0tSFRUUC1Jbi1UQ1AiCkRpc2FibGUtTmV0RmlyZXdhbGxSdWxlIC1OYW1lICJXSU5STS1IVFRQLUluLVRDUC1QVUJMSUMiCkdldC1DaGlsZEl0ZW0gV1NNYW46XExvY2FsaG9zdFxsaXN0ZW5lciB8IFJlbW92ZS1JdGVtIC1SZWN1cnNlCgpXcml0ZS1PdXRwdXQgIkNvbmZpZ3VyaW5nIFdpblJNIGZvciBIVFRQUy4uLiIKU2V0LUl0ZW0gLVBhdGggV1NNYW46XExvY2FsSG9zdFxNYXhUaW1lb3V0bXMgLVZhbHVlICcxODAwMDAwJwpTZXQtSXRlbSAtUGF0aCBXU01hbjpcTG9jYWxIb3N0XFNoZWxsXE1heE1lbW9yeVBlclNoZWxsTUIgLVZhbHVlICcxMDI0JwpTZXQtSXRlbSAtUGF0aCBXU01hbjpcTG9jYWxIb3N0XFNlcnZpY2VcQWxsb3dVbmVuY3J5cHRlZCAtVmFsdWUgJ2ZhbHNlJwpTZXQtSXRlbSAtUGF0aCBXU01hbjpcTG9jYWxIb3N0XFNlcnZpY2VcQXV0aFxCYXNpYyAtVmFsdWUgJ3RydWUnClNldC1JdGVtIC1QYXRoIFdTTWFuOlxMb2NhbEhvc3RcU2VydmljZVxBdXRoXENyZWRTU1AgLVZhbHVlICd0cnVlJwoKTmV3LU5ldEZpcmV3YWxsUnVsZSAtTmFtZSAiV0lOUk0tSFRUUFMtSW4tVENQIiBgCiAgICAtRGlzcGxheU5hbWUgIldpbmRvd3MgUmVtb3RlIE1hbmFnZW1lbnQgKEhUVFBTLUluKSIgYAogICAgLURlc2NyaXB0aW9uICJJbmJvdW5kIHJ1bGUgZm9yIFdpbmRvd3MgUmVtb3RlIE1hbmFnZW1lbnQgdmlhIFdTLU1hbmFnZW1lbnQuIFtUQ1AgNTk4Nl0iIGAKICAgIC1Hcm91cCAiV2luZG93cyBSZW1vdGUgTWFuYWdlbWVudCIgYAogICAgLVByb2dyYW0gIlN5c3RlbSIgYAogICAgLVByb3RvY29sIFRDUCBgCiAgICAtTG9jYWxQb3J0ICI1OTg2IiBgCiAgICAtQWN0aW9uIEFsbG93IGAKICAgIC1Qcm9maWxlIERvbWFpbixQcml2YXRlCgpOZXctTmV0RmlyZXdhbGxSdWxlIC1OYW1lICJXSU5STS1IVFRQUy1Jbi1UQ1AtUFVCTElDIiBgCiAgICAtRGlzcGxheU5hbWUgIldpbmRvd3MgUmVtb3RlIE1hbmFnZW1lbnQgKEhUVFBTLUluKSIgYAogICAgLURlc2NyaXB0aW9uICJJbmJvdW5kIHJ1bGUgZm9yIFdpbmRvd3MgUmVtb3RlIE1hbmFnZW1lbnQgdmlhIFdTLU1hbmFnZW1lbnQuIFtUQ1AgNTk4Nl0iIGAKICAgIC1Hcm91cCAiV2luZG93cyBSZW1vdGUgTWFuYWdlbWVudCIgYAogICAgLVByb2dyYW0gIlN5c3RlbSIgYAogICAgLVByb3RvY29sIFRDUCBgCiAgICAtTG9jYWxQb3J0ICI1OTg2IiBgCiAgICAtQWN0aW9uIEFsbG93IGAKICAgIC1Qcm9maWxlIFB1YmxpYwoKJEhvc3RuYW1lID0gW1N5c3RlbS5OZXQuRG5zXTo6R2V0SG9zdEJ5TmFtZSgoaG9zdG5hbWUpKS5Ib3N0TmFtZS5Ub1VwcGVyKCkKJHBmeCA9IE5ldy1TZWxmU2lnbmVkQ2VydGlmaWNhdGUgLUNlcnRzdG9yZUxvY2F0aW9uIENlcnQ6XExvY2FsTWFjaGluZVxNeSAtRG5zTmFtZSAkSG9zdG5hbWUKJGNlcnRUaHVtYnByaW50ID0gJHBmeC5UaHVtYnByaW50CiRjZXJ0U3ViamVjdE5hbWUgPSAkcGZ4LlN1YmplY3ROYW1lLk5hbWUuVHJpbVN0YXJ0KCJDTiA9ICIpLlRyaW0oKQoKTmV3LUl0ZW0gLVBhdGggV1NNYW46XExvY2FsSG9zdFxMaXN0ZW5lciAtQWRkcmVzcyAqIC1UcmFuc3BvcnQgSFRUUFMgLUhvc3RuYW1lICRjZXJ0U3ViamVjdE5hbWUgLUNlcnRpZmljYXRlVGh1bWJQcmludCAkY2VydFRodW1icHJpbnQgLVBvcnQgIjU5ODYiIC1mb3JjZQoKV3JpdGUtT3V0cHV0ICJSZXN0YXJ0aW5nIFdpblJNIFNlcnZpY2UuLi4iClN0b3AtU2VydmljZSBXaW5STQpTZXQtU2VydmljZSBXaW5STSAtU3RhcnR1cFR5cGUgIkF1dG9tYXRpYyIKU3RhcnQtU2VydmljZSBXaW5STQo8L3Bvd2Vyc2hlbGw+Cg==",
            "vpc_security_group_ids": [
              "sg-0126aa5037fea8f82",
              "sg-0c4805fdde496ce1a"
            ]
          },
          "sensitive_attributes": [],
          "private": "bnVsbA==",
          "dependencies": [
            "module.common.aws_iam_instance_profile.profile",
            "module.common.aws_iam_role.role",
            "module.common.aws_security_group.common",
            "module.common.data.aws_ami.linux",
            "module.common.data.aws_ami.windows_2019",
            "module.vpc.aws_subnet.public",
            "module.vpc.aws_vpc.network",
            "module.vpc.data.aws_availability_zones.all",
            "module.windows_workers.aws_security_group.worker",
            "module.windows_workers.data.template_file.windows",
            "random_string.random"
          ]
        }
      ]
    },
    {
      "module": "module.windows_workers",
      "mode": "managed",
      "type": "aws_security_group",
      "name": "worker",
      "provider": "provider[\"registry.terraform.io/hashicorp/aws\"]",
      "instances": [
        {
          "schema_version": 1,
          "attributes": {
            "arn": "arn:aws:ec2:us-west-2:546848686991:security-group/sg-0126aa5037fea8f82",
            "description": "mke cluster windows workers",
            "egress": [],
            "id": "sg-0126aa5037fea8f82",
            "ingress": [
              {
                "cidr_blocks": [
                  "0.0.0.0/0"
                ],
                "description": "",
                "from_port": 5985,
                "ipv6_cidr_blocks": [],
                "prefix_list_ids": [],
                "protocol": "tcp",
                "security_groups": [],
                "self": false,
                "to_port": 5986
              }
            ],
            "name": "alex-ostrich-59RGAE-win-workers",
            "name_prefix": "",
            "owner_id": "546848686991",
            "revoke_rules_on_delete": false,
            "tags": null,
            "timeouts": null,
            "vpc_id": "vpc-08bdd74f1e58694f1"
          },
          "sensitive_attributes": [],
          "private": "eyJlMmJmYjczMC1lY2FhLTExZTYtOGY4OC0zNDM2M2JjN2M0YzAiOnsiY3JlYXRlIjo2MDAwMDAwMDAwMDAsImRlbGV0ZSI6NjAwMDAwMDAwMDAwfSwic2NoZW1hX3ZlcnNpb24iOiIxIn0=",
          "dependencies": [
            "module.common.aws_iam_instance_profile.profile",
            "module.common.aws_iam_role.role",
            "module.common.aws_security_group.common",
            "module.common.data.aws_ami.linux",
            "module.vpc.aws_subnet.public",
            "module.vpc.aws_vpc.network",
            "module.vpc.data.aws_availability_zones.all",
            "random_string.random"
          ]
        }
      ]
    },
    {
      "module": "module.windows_workers",
      "mode": "managed",
      "type": "aws_spot_fleet_request",
      "name": "windows",
      "provider": "provider[\"registry.terraform.io/hashicorp/aws\"]",
      "instances": [
        {
          "schema_version": 1,
          "attributes": {
            "allocation_strategy": "lowestPrice",
            "client_token": "terraform-20210319201054900100000004",
            "excess_capacity_termination_policy": "Default",
            "fleet_type": "maintain",
            "iam_fleet_role": "arn:aws:iam::546848686991:role/aws-ec2-spot-fleet-role",
            "id": "sfr-fba724a1-514f-4b36-b848-ee7ebf44e740",
            "instance_interruption_behaviour": "terminate",
            "instance_pools_to_use_count": 1,
            "launch_specification": [],
            "launch_template_config": [
              {
                "launch_template_specification": [
                  {
                    "id": "lt-090570c5ae14d83be",
                    "name": "",
                    "version": "1"
                  }
                ],
                "overrides": [
                  {
                    "availability_zone": "",
                    "instance_type": "",
                    "priority": 0,
                    "spot_price": "0.128316",
                    "subnet_id": "subnet-02376d5aad7190ea8",
                    "weighted_capacity": 0
                  },
                  {
                    "availability_zone": "",
                    "instance_type": "",
                    "priority": 0,
                    "spot_price": "0.128316",
                    "subnet_id": "subnet-068c8ea5573c5f90b",
                    "weighted_capacity": 0
                  },
                  {
                    "availability_zone": "",
                    "instance_type": "",
                    "priority": 0,
                    "spot_price": "0.128316",
                    "subnet_id": "subnet-06b40bd069c2c0d0d",
                    "weighted_capacity": 0
                  }
                ]
              }
            ],
            "load_balancers": [],
            "replace_unhealthy_instances": false,
            "spot_maintenance_strategies": [],
            "spot_price": null,
            "spot_request_state": "active",
            "tags": {
              "Name": "alex-ostrich-59RGAE-win-worker",
              "Role": "win-worker",
              "expire": "2021-03-22T20:10:37Z",
              "kubernetes.io/cluster/alex-ostrich-59RGAE": "shared",
              "platform": "rhel_7.8",
              "project": "ST-SZNG"
            },
            "target_capacity": 0,
            "target_group_arns": [],
            "terminate_instances_with_expiration": true,
            "timeouts": null,
            "valid_from": null,
            "valid_until": null,
            "wait_for_fulfillment": true
          },
          "sensitive_attributes": [],
          "private": "eyJlMmJmYjczMC1lY2FhLTExZTYtOGY4OC0zNDM2M2JjN2M0YzAiOnsiY3JlYXRlIjo2MDAwMDAwMDAwMDAsImRlbGV0ZSI6OTAwMDAwMDAwMDAwfSwic2NoZW1hX3ZlcnNpb24iOiIxIn0=",
          "dependencies": [
            "module.common.aws_iam_instance_profile.profile",
            "module.common.aws_iam_role.role",
            "module.common.aws_security_group.common",
            "module.common.data.aws_ami.linux",
            "module.common.data.aws_ami.windows_2019",
            "module.vpc.aws_subnet.public",
            "module.vpc.aws_vpc.network",
            "module.vpc.data.aws_availability_zones.all",
            "module.windows_workers.aws_launch_template.windows",
            "module.windows_workers.aws_security_group.worker",
            "module.windows_workers.data.aws_ec2_spot_price.current",
            "module.windows_workers.data.template_file.windows",
            "random_string.random"
          ]
        }
      ]
    },
    {
      "module": "module.workers",
      "mode": "managed",
      "type": "aws_security_group",
      "name": "node",
      "provider": "provider[\"registry.terraform.io/hashicorp/aws\"]",
      "instances": [
        {
          "schema_version": 1,
          "attributes": {
            "arn": "arn:aws:ec2:us-west-2:546848686991:security-group/sg-0f9002cc34aa056dc",
            "description": "MKE cluster workers",
            "egress": [],
            "id": "sg-0f9002cc34aa056dc",
            "ingress": [
              {
                "cidr_blocks": [
                  "0.0.0.0/0"
                ],
                "description": "",
                "from_port": 443,
                "ipv6_cidr_blocks": [],
                "prefix_list_ids": [],
                "protocol": "tcp",
                "security_groups": [],
                "self": false,
                "to_port": 443
              }
            ],
            "name": "alex-ostrich-59RGAE-workers",
            "name_prefix": "",
            "owner_id": "546848686991",
            "revoke_rules_on_delete": false,
            "tags": null,
            "timeouts": null,
            "vpc_id": "vpc-08bdd74f1e58694f1"
          },
          "sensitive_attributes": [],
          "private": "eyJlMmJmYjczMC1lY2FhLTExZTYtOGY4OC0zNDM2M2JjN2M0YzAiOnsiY3JlYXRlIjo2MDAwMDAwMDAwMDAsImRlbGV0ZSI6NjAwMDAwMDAwMDAwfSwic2NoZW1hX3ZlcnNpb24iOiIxIn0=",
          "dependencies": [
            "module.common.aws_iam_instance_profile.profile",
            "module.common.aws_iam_role.role",
            "module.common.aws_security_group.common",
            "module.common.data.aws_ami.linux",
            "module.vpc.aws_subnet.public",
            "module.vpc.aws_vpc.network",
            "module.vpc.data.aws_availability_zones.all",
            "random_string.random"
          ]
        }
      ]
    },
    {
      "module": "module.workers.module.spot",
      "mode": "data",
      "type": "aws_ec2_spot_price",
      "name": "current",
      "provider": "provider[\"registry.terraform.io/hashicorp/aws\"]",
      "instances": [
        {
          "index_key": 0,
          "schema_version": 0,
          "attributes": {
            "availability_zone": "us-west-2a",
            "filter": [
              {
                "name": "product-description",
                "values": [
                  "Red Hat Enterprise Linux"
                ]
              }
            ],
            "id": "us-west-2",
            "instance_type": "m5.large",
            "spot_price": "0.094400",
            "spot_price_timestamp": "2021-03-19T05:51:05Z"
          },
          "sensitive_attributes": []
        },
        {
          "index_key": 1,
          "schema_version": 0,
          "attributes": {
            "availability_zone": "us-west-2b",
            "filter": [
              {
                "name": "product-description",
                "values": [
                  "Red Hat Enterprise Linux"
                ]
              }
            ],
            "id": "us-west-2",
            "instance_type": "m5.large",
            "spot_price": "0.093800",
            "spot_price_timestamp": "2021-03-19T19:41:39Z"
          },
          "sensitive_attributes": []
        },
        {
          "index_key": 2,
          "schema_version": 0,
          "attributes": {
            "availability_zone": "us-west-2c",
            "filter": [
              {
                "name": "product-description",
                "values": [
                  "Red Hat Enterprise Linux"
                ]
              }
            ],
            "id": "us-west-2",
            "instance_type": "m5.large",
            "spot_price": "0.094700",
            "spot_price_timestamp": "2021-03-19T15:41:25Z"
          },
          "sensitive_attributes": []
        },
        {
          "index_key": 3,
          "schema_version": 0,
          "attributes": {
            "availability_zone": "us-west-2d",
            "filter": [
              {
                "name": "product-description",
                "values": [
                  "Red Hat Enterprise Linux"
                ]
              }
            ],
            "id": "us-west-2",
            "instance_type": "m5.large",
            "spot_price": "0.094600",
            "spot_price_timestamp": "2021-03-19T02:04:20Z"
          },
          "sensitive_attributes": []
        }
      ]
    },
    {
      "module": "module.workers.module.spot",
      "mode": "data",
      "type": "aws_instances",
      "name": "machines",
      "provider": "provider[\"registry.terraform.io/hashicorp/aws\"]",
      "instances": [
        {
          "index_key": 0,
          "schema_version": 0,
          "attributes": {
            "filter": [
              {
                "name": "tag:aws:ec2spot:fleet-request-id",
                "values": [
                  "sfr-a792d398-7998-43fa-92e7-89036ece9559"
                ]
              }
            ],
            "id": "us-west-2",
            "ids": [
              "i-067cba0cfe22fdfa0",
              "i-0e598cc6999b7f1b6",
              "i-003711c46c2fdde07"
            ],
            "instance_state_names": [
              "pending",
              "running"
            ],
            "instance_tags": null,
            "private_ips": [
              "172.31.1.175",
              "172.31.1.177",
              "172.31.1.193"
            ],
            "public_ips": [
              "18.236.66.147",
              "35.163.249.246",
              "52.43.6.154"
            ]
          },
          "sensitive_attributes": []
        }
      ]
    },
    {
      "module": "module.workers.module.spot",
      "mode": "data",
      "type": "template_file",
      "name": "linux",
      "provider": "provider[\"registry.terraform.io/hashicorp/template\"]",
      "instances": [
        {
          "schema_version": 0,
          "attributes": {
            "filename": null,
            "id": "5d2bd2eb5ee75563a2487bdd3d50b70286c1a9c1c5c32a238c8d166f7d3668ec",
            "rendered": "#!/bin/bash\n# Use fully qualified private DNS name for the host name.  Kube wants it this way.\nHOSTNAME=$(curl http://169.254.169.254/latest/meta-data/hostname)\necho $HOSTNAME \u003e /etc/hostname\nsed -i \"s|\\(127\\.0\\..\\.. *\\)localhost|\\1$HOSTNAME|\" /etc/hosts\nhostname $HOSTNAME\n",
            "template": "#!/bin/bash\n# Use fully qualified private DNS name for the host name.  Kube wants it this way.\nHOSTNAME=$(curl http://169.254.169.254/latest/meta-data/hostname)\necho $HOSTNAME \u003e /etc/hostname\nsed -i \"s|\\(127\\.0\\..\\.. *\\)localhost|\\1$HOSTNAME|\" /etc/hosts\nhostname $HOSTNAME\n",
            "vars": null
          },
          "sensitive_attributes": []
        }
      ]
    },
    {
      "module": "module.workers.module.spot",
      "mode": "managed",
      "type": "aws_launch_template",
      "name": "linux",
      "provider": "provider[\"registry.terraform.io/hashicorp/aws\"]",
      "instances": [
        {
          "schema_version": 0,
          "attributes": {
            "arn": "arn:aws:ec2:us-west-2:546848686991:launch-template/lt-09098b713a9f438f2",
            "block_device_mappings": [
              {
                "device_name": "/dev/sda1",
                "ebs": [
                  {
                    "delete_on_termination": "",
                    "encrypted": "",
                    "iops": 0,
                    "kms_key_id": "",
                    "snapshot_id": "",
                    "throughput": 0,
                    "volume_size": 100,
                    "volume_type": "gp2"
                  }
                ],
                "no_device": "",
                "virtual_name": ""
              }
            ],
            "capacity_reservation_specification": [],
            "cpu_options": [],
            "credit_specification": [],
            "default_version": 1,
            "description": "",
            "disable_api_termination": false,
            "ebs_optimized": "true",
            "elastic_gpu_specifications": [],
            "elastic_inference_accelerator": [],
            "enclave_options": [],
            "hibernation_options": [],
            "iam_instance_profile": [],
            "id": "lt-09098b713a9f438f2",
            "image_id": "ami-07567e5457f5effa2",
            "instance_initiated_shutdown_behavior": "",
            "instance_market_options": [],
            "instance_type": "m5.large",
            "kernel_id": "",
            "key_name": "alex-ostrich-59RGAE",
            "latest_version": 1,
            "license_specification": [],
            "metadata_options": [],
            "monitoring": [],
            "name": "alex-ostrich-59RGAE-worker",
            "name_prefix": null,
            "network_interfaces": [],
            "placement": [],
            "ram_disk_id": "",
            "security_group_names": null,
            "tag_specifications": [],
            "tags": {
              "Name": "alex-ostrich-59RGAE-worker",
              "Role": "worker",
              "expire": "2021-03-22T20:10:37Z",
              "kubernetes.io/cluster/alex-ostrich-59RGAE": "shared",
              "platform": "rhel_7.8",
              "project": "ST-SZNG"
            },
            "update_default_version": null,
            "user_data": "IyEvYmluL2Jhc2gKIyBVc2UgZnVsbHkgcXVhbGlmaWVkIHByaXZhdGUgRE5TIG5hbWUgZm9yIHRoZSBob3N0IG5hbWUuICBLdWJlIHdhbnRzIGl0IHRoaXMgd2F5LgpIT1NUTkFNRT0kKGN1cmwgaHR0cDovLzE2OS4yNTQuMTY5LjI1NC9sYXRlc3QvbWV0YS1kYXRhL2hvc3RuYW1lKQplY2hvICRIT1NUTkFNRSA+IC9ldGMvaG9zdG5hbWUKc2VkIC1pICJzfFwoMTI3XC4wXC4uXC4uICpcKWxvY2FsaG9zdHxcMSRIT1NUTkFNRXwiIC9ldGMvaG9zdHMKaG9zdG5hbWUgJEhPU1ROQU1FCg==",
            "vpc_security_group_ids": [
              "sg-0c4805fdde496ce1a",
              "sg-0f9002cc34aa056dc"
            ]
          },
          "sensitive_attributes": [],
          "private": "bnVsbA==",
          "dependencies": [
            "module.common.aws_iam_instance_profile.profile",
            "module.common.aws_iam_role.role",
            "module.common.aws_security_group.common",
            "module.common.data.aws_ami.linux",
            "module.vpc.aws_subnet.public",
            "module.vpc.aws_vpc.network",
            "module.vpc.data.aws_availability_zones.all",
            "module.workers.aws_security_group.node",
            "module.workers.module.spot.data.template_file.linux",
            "random_string.random"
          ]
        }
      ]
    },
    {
      "module": "module.workers.module.spot",
      "mode": "managed",
      "type": "aws_spot_fleet_request",
      "name": "node",
      "provider": "provider[\"registry.terraform.io/hashicorp/aws\"]",
      "instances": [
        {
          "schema_version": 1,
          "attributes": {
            "allocation_strategy": "lowestPrice",
            "client_token": "terraform-20210319201055053800000006",
            "excess_capacity_termination_policy": "Default",
            "fleet_type": "maintain",
            "iam_fleet_role": "arn:aws:iam::546848686991:role/aws-ec2-spot-fleet-role",
            "id": "sfr-a792d398-7998-43fa-92e7-89036ece9559",
            "instance_interruption_behaviour": "terminate",
            "instance_pools_to_use_count": 1,
            "launch_specification": [],
            "launch_template_config": [
              {
                "launch_template_specification": [
                  {
                    "id": "lt-09098b713a9f438f2",
                    "name": "",
                    "version": "1"
                  }
                ],
                "overrides": [
                  {
                    "availability_zone": "",
                    "instance_type": "",
                    "priority": 0,
                    "spot_price": "0.095676",
                    "subnet_id": "subnet-068c8ea5573c5f90b",
                    "weighted_capacity": 0
                  },
                  {
                    "availability_zone": "",
                    "instance_type": "",
                    "priority": 0,
                    "spot_price": "0.096288",
                    "subnet_id": "subnet-06b40bd069c2c0d0d",
                    "weighted_capacity": 0
                  },
                  {
                    "availability_zone": "",
                    "instance_type": "",
                    "priority": 0,
                    "spot_price": "0.096594",
                    "subnet_id": "subnet-02376d5aad7190ea8",
                    "weighted_capacity": 0
                  }
                ]
              }
            ],
            "load_balancers": [],
            "replace_unhealthy_instances": false,
            "spot_maintenance_strategies": [],
            "spot_price": null,
            "spot_request_state": "active",
            "tags": {
              "Name": "alex-ostrich-59RGAE-worker",
              "Role": "worker",
              "expire": "2021-03-22T20:10:37Z",
              "kubernetes.io/cluster/alex-ostrich-59RGAE": "shared",
              "platform": "rhel_7.8",
              "project": "ST-SZNG"
            },
            "target_capacity": 3,
            "target_group_arns": [],
            "terminate_instances_with_expiration": true,
            "timeouts": null,
            "valid_from": null,
            "valid_until": null,
            "wait_for_fulfillment": true
          },
          "sensitive_attributes": [],
          "private": "eyJlMmJmYjczMC1lY2FhLTExZTYtOGY4OC0zNDM2M2JjN2M0YzAiOnsiY3JlYXRlIjo2MDAwMDAwMDAwMDAsImRlbGV0ZSI6OTAwMDAwMDAwMDAwfSwic2NoZW1hX3ZlcnNpb24iOiIxIn0=",
          "dependencies": [
            "module.common.aws_iam_instance_profile.profile",
            "module.common.aws_iam_role.role",
            "module.common.aws_security_group.common",
            "module.common.data.aws_ami.linux",
            "module.vpc.aws_subnet.public",
            "module.vpc.aws_vpc.network",
            "module.vpc.data.aws_availability_zones.all",
            "module.workers.aws_security_group.node",
            "module.workers.module.spot.aws_launch_template.linux",
            "module.workers.module.spot.data.aws_ec2_spot_price.current",
            "module.workers.module.spot.data.template_file.linux",
            "random_string.random"
          ]
        }
      ]
    }
  ]
}
